=== RUN   TestEndToEndDeploymentScenario
TestEndToEndDeploymentScenario 2022-08-24T18:49:41Z test_structure.go:27: The 'SKIP_setup' environment variable is not set, so executing stage 'setup'.
TestEndToEndDeploymentScenario 2022-08-24T18:49:41Z save_test_data.go:188: Storing test data in ../.test-data/TerraformOptions.json so it can be reused later
TestEndToEndDeploymentScenario 2022-08-24T18:49:41Z save_test_data.go:191: [WARNING] The named test data at path ../.test-data/TerraformOptions.json is non-empty. Save operation will overwrite existing value with "&{ ../ map[yc_folder:b1gdble3rr8et6i7tijl] [] [] false  map[] map[] map[] 0 0s false false false false <nil> false 0 <nil> 0  }".
.
TestEndToEndDeploymentScenario 2022-08-24T18:49:41Z save_test_data.go:199: Marshalled JSON: {"TerraformBinary":"","TerraformDir":"../","Vars":{"yc_folder":"b1gdble3rr8et6i7tijl"},"VarFiles":null,"Targets":null,"Lock":false,"LockTimeout":"","EnvVars":null,"BackendConfig":null,"RetryableTerraformErrors":null,"MaxRetries":0,"TimeBetweenRetries":0,"Upgrade":false,"Reconfigure":false,"MigrateState":false,"NoColor":false,"SshAgent":null,"NoStderr":false,"OutputMaxLineSize":0,"Logger":null,"Parallelism":0,"PlanFilePath":"","PluginDir":""}
TestEndToEndDeploymentScenario 2022-08-24T18:49:41Z retry.go:91: terraform [init -upgrade=false]
TestEndToEndDeploymentScenario 2022-08-24T18:49:41Z logger.go:66: Running command terraform with args [init -upgrade=false]
TestEndToEndDeploymentScenario 2022-08-24T18:49:41Z logger.go:66: 
TestEndToEndDeploymentScenario 2022-08-24T18:49:41Z logger.go:66: [0m[1mInitializing the backend...[0m
TestEndToEndDeploymentScenario 2022-08-24T18:49:41Z logger.go:66: 
TestEndToEndDeploymentScenario 2022-08-24T18:49:41Z logger.go:66: [0m[1mInitializing provider plugins...[0m
TestEndToEndDeploymentScenario 2022-08-24T18:49:41Z logger.go:66: - Reusing previous version of yandex-cloud/yandex from the dependency lock file
TestEndToEndDeploymentScenario 2022-08-24T18:49:42Z logger.go:66: - Using previously-installed yandex-cloud/yandex v0.77.0
TestEndToEndDeploymentScenario 2022-08-24T18:49:42Z logger.go:66: 
TestEndToEndDeploymentScenario 2022-08-24T18:49:42Z logger.go:66: [0m[1m[32mTerraform has been successfully initialized![0m[32m[0m
TestEndToEndDeploymentScenario 2022-08-24T18:49:42Z logger.go:66: [0m[32m
TestEndToEndDeploymentScenario 2022-08-24T18:49:42Z logger.go:66: You may now begin working with Terraform. Try running "terraform plan" to see
TestEndToEndDeploymentScenario 2022-08-24T18:49:42Z logger.go:66: any changes that are required for your infrastructure. All Terraform commands
TestEndToEndDeploymentScenario 2022-08-24T18:49:42Z logger.go:66: should now work.
TestEndToEndDeploymentScenario 2022-08-24T18:49:42Z logger.go:66: 
TestEndToEndDeploymentScenario 2022-08-24T18:49:42Z logger.go:66: If you ever set or change modules or backend configuration for Terraform,
TestEndToEndDeploymentScenario 2022-08-24T18:49:42Z logger.go:66: rerun this command to reinitialize your working directory. If you forget, other
TestEndToEndDeploymentScenario 2022-08-24T18:49:42Z logger.go:66: commands will detect it and remind you to do so if necessary.[0m
TestEndToEndDeploymentScenario 2022-08-24T18:49:42Z retry.go:91: terraform [apply -input=false -auto-approve -var yc_folder=b1gdble3rr8et6i7tijl -lock=false]
TestEndToEndDeploymentScenario 2022-08-24T18:49:42Z logger.go:66: Running command terraform with args [apply -input=false -auto-approve -var yc_folder=b1gdble3rr8et6i7tijl -lock=false]
TestEndToEndDeploymentScenario 2022-08-24T18:49:43Z logger.go:66: 
TestEndToEndDeploymentScenario 2022-08-24T18:49:43Z logger.go:66: Terraform used the selected providers to generate the following execution
TestEndToEndDeploymentScenario 2022-08-24T18:49:43Z logger.go:66: plan. Resource actions are indicated with the following symbols:
TestEndToEndDeploymentScenario 2022-08-24T18:49:43Z logger.go:66:   [32m+[0m create
TestEndToEndDeploymentScenario 2022-08-24T18:49:43Z logger.go:66: [0m
TestEndToEndDeploymentScenario 2022-08-24T18:49:43Z logger.go:66: Terraform will perform the following actions:
TestEndToEndDeploymentScenario 2022-08-24T18:49:43Z logger.go:66: 
TestEndToEndDeploymentScenario 2022-08-24T18:49:43Z logger.go:66: [1m  # yandex_compute_instance.wp-app-1[0m will be created[0m[0m
TestEndToEndDeploymentScenario 2022-08-24T18:49:43Z logger.go:66: [0m  [32m+[0m[0m resource "yandex_compute_instance" "wp-app-1" {
TestEndToEndDeploymentScenario 2022-08-24T18:49:43Z logger.go:66:       [32m+[0m [0m[1m[0mcreated_at[0m[0m                = (known after apply)
TestEndToEndDeploymentScenario 2022-08-24T18:49:43Z logger.go:66:       [32m+[0m [0m[1m[0mfolder_id[0m[0m                 = (known after apply)
TestEndToEndDeploymentScenario 2022-08-24T18:49:43Z logger.go:66:       [32m+[0m [0m[1m[0mfqdn[0m[0m                      = (known after apply)
TestEndToEndDeploymentScenario 2022-08-24T18:49:43Z logger.go:66:       [32m+[0m [0m[1m[0mhostname[0m[0m                  = (known after apply)
TestEndToEndDeploymentScenario 2022-08-24T18:49:43Z logger.go:66:       [32m+[0m [0m[1m[0mid[0m[0m                        = (known after apply)
TestEndToEndDeploymentScenario 2022-08-24T18:49:43Z logger.go:66:       [32m+[0m [0m[1m[0mmetadata[0m[0m                  = {
TestEndToEndDeploymentScenario 2022-08-24T18:49:43Z logger.go:66:           [32m+[0m [0m"ssh-keys" = <<-EOT
TestEndToEndDeploymentScenario 2022-08-24T18:49:43Z logger.go:66:                 ubuntu:ssh-rsa AAAAB3NzaC1yc2EAAAADAQABAAABgQDc39+ovJDrowqxSf2JyrehPW1QCtqOItdB1s4QSSXrlKKS5VdPGgRx+gO4VTMnxJZqxeydQgnn3AJFLq5UMqi/iYkv11ySdNafQs2cItDz7e+KMF2ipgKiYcdhk13g7vbSuGR2SqDKfKUKjXPubC34V2fDagp/uzcuSOSdw3QLbjdp3gIen+zALFto2FWRGnJzFyzlVwOsEXy/qXr9ArmOUj7S8IWqtfXpiDBjljo+iNBZKfyTh5iTHMfcYEA7UANzN1TfGxH9T8BHqW4MfrLbPNOQuGKseKnn3lc3IAsbBbsUByZdAr3XoNfHP1qNbuUed/aUqtgTOMbhjgEjwOwjN7uG0Dev0IxIp3CJQdh+xnBt4m9/mmrxrpZ4F/zNhrfPRV59lD2nXqQulCCKftEbp8Q8qu4FOpddt+CZSlDnpXg8aHGfLAUcjpbDXeYoXX3/ARZbeGseGzNncw8Sl90dd3Gl67ph+u74pkcSMdjVnR9aGsU75bxqERbi1oXn4Ss= nikandrov@packer
TestEndToEndDeploymentScenario 2022-08-24T18:49:43Z logger.go:66:             EOT
TestEndToEndDeploymentScenario 2022-08-24T18:49:43Z logger.go:66:         }
TestEndToEndDeploymentScenario 2022-08-24T18:49:43Z logger.go:66:       [32m+[0m [0m[1m[0mname[0m[0m                      = "wp-app-1"
TestEndToEndDeploymentScenario 2022-08-24T18:49:43Z logger.go:66:       [32m+[0m [0m[1m[0mnetwork_acceleration_type[0m[0m = "standard"
TestEndToEndDeploymentScenario 2022-08-24T18:49:43Z logger.go:66:       [32m+[0m [0m[1m[0mplatform_id[0m[0m               = "standard-v1"
TestEndToEndDeploymentScenario 2022-08-24T18:49:43Z logger.go:66:       [32m+[0m [0m[1m[0mservice_account_id[0m[0m        = (known after apply)
TestEndToEndDeploymentScenario 2022-08-24T18:49:43Z logger.go:66:       [32m+[0m [0m[1m[0mstatus[0m[0m                    = (known after apply)
TestEndToEndDeploymentScenario 2022-08-24T18:49:43Z logger.go:66:       [32m+[0m [0m[1m[0mzone[0m[0m                      = "ru-central1-a"
TestEndToEndDeploymentScenario 2022-08-24T18:49:43Z logger.go:66: 
TestEndToEndDeploymentScenario 2022-08-24T18:49:43Z logger.go:66:       [32m+[0m [0mboot_disk {
TestEndToEndDeploymentScenario 2022-08-24T18:49:43Z logger.go:66:           [32m+[0m [0m[1m[0mauto_delete[0m[0m = true
TestEndToEndDeploymentScenario 2022-08-24T18:49:43Z logger.go:66:           [32m+[0m [0m[1m[0mdevice_name[0m[0m = (known after apply)
TestEndToEndDeploymentScenario 2022-08-24T18:49:43Z logger.go:66:           [32m+[0m [0m[1m[0mdisk_id[0m[0m     = (known after apply)
TestEndToEndDeploymentScenario 2022-08-24T18:49:43Z logger.go:66:           [32m+[0m [0m[1m[0mmode[0m[0m        = (known after apply)
TestEndToEndDeploymentScenario 2022-08-24T18:49:43Z logger.go:66: 
TestEndToEndDeploymentScenario 2022-08-24T18:49:43Z logger.go:66:           [32m+[0m [0minitialize_params {
TestEndToEndDeploymentScenario 2022-08-24T18:49:43Z logger.go:66:               [32m+[0m [0m[1m[0mblock_size[0m[0m  = (known after apply)
TestEndToEndDeploymentScenario 2022-08-24T18:49:43Z logger.go:66:               [32m+[0m [0m[1m[0mdescription[0m[0m = (known after apply)
TestEndToEndDeploymentScenario 2022-08-24T18:49:43Z logger.go:66:               [32m+[0m [0m[1m[0mimage_id[0m[0m    = "fd8863qv86t8m6b1qrg4"
TestEndToEndDeploymentScenario 2022-08-24T18:49:43Z logger.go:66:               [32m+[0m [0m[1m[0mname[0m[0m        = (known after apply)
TestEndToEndDeploymentScenario 2022-08-24T18:49:43Z logger.go:66:               [32m+[0m [0m[1m[0msize[0m[0m        = (known after apply)
TestEndToEndDeploymentScenario 2022-08-24T18:49:43Z logger.go:66:               [32m+[0m [0m[1m[0msnapshot_id[0m[0m = (known after apply)
TestEndToEndDeploymentScenario 2022-08-24T18:49:43Z logger.go:66:               [32m+[0m [0m[1m[0mtype[0m[0m        = "network-hdd"
TestEndToEndDeploymentScenario 2022-08-24T18:49:43Z logger.go:66:             }
TestEndToEndDeploymentScenario 2022-08-24T18:49:43Z logger.go:66:         }
TestEndToEndDeploymentScenario 2022-08-24T18:49:43Z logger.go:66: 
TestEndToEndDeploymentScenario 2022-08-24T18:49:43Z logger.go:66:       [32m+[0m [0mnetwork_interface {
TestEndToEndDeploymentScenario 2022-08-24T18:49:43Z logger.go:66:           [32m+[0m [0m[1m[0mindex[0m[0m              = (known after apply)
TestEndToEndDeploymentScenario 2022-08-24T18:49:43Z logger.go:66:           [32m+[0m [0m[1m[0mip_address[0m[0m         = (known after apply)
TestEndToEndDeploymentScenario 2022-08-24T18:49:43Z logger.go:66:           [32m+[0m [0m[1m[0mipv4[0m[0m               = true
TestEndToEndDeploymentScenario 2022-08-24T18:49:43Z logger.go:66:           [32m+[0m [0m[1m[0mipv6[0m[0m               = (known after apply)
TestEndToEndDeploymentScenario 2022-08-24T18:49:43Z logger.go:66:           [32m+[0m [0m[1m[0mipv6_address[0m[0m       = (known after apply)
TestEndToEndDeploymentScenario 2022-08-24T18:49:43Z logger.go:66:           [32m+[0m [0m[1m[0mmac_address[0m[0m        = (known after apply)
TestEndToEndDeploymentScenario 2022-08-24T18:49:43Z logger.go:66:           [32m+[0m [0m[1m[0mnat[0m[0m                = true
TestEndToEndDeploymentScenario 2022-08-24T18:49:43Z logger.go:66:           [32m+[0m [0m[1m[0mnat_ip_address[0m[0m     = (known after apply)
TestEndToEndDeploymentScenario 2022-08-24T18:49:43Z logger.go:66:           [32m+[0m [0m[1m[0mnat_ip_version[0m[0m     = (known after apply)
TestEndToEndDeploymentScenario 2022-08-24T18:49:43Z logger.go:66:           [32m+[0m [0m[1m[0msecurity_group_ids[0m[0m = (known after apply)
TestEndToEndDeploymentScenario 2022-08-24T18:49:43Z logger.go:66:           [32m+[0m [0m[1m[0msubnet_id[0m[0m          = (known after apply)
TestEndToEndDeploymentScenario 2022-08-24T18:49:43Z logger.go:66:         }
TestEndToEndDeploymentScenario 2022-08-24T18:49:43Z logger.go:66: 
TestEndToEndDeploymentScenario 2022-08-24T18:49:43Z logger.go:66:       [32m+[0m [0mplacement_policy {
TestEndToEndDeploymentScenario 2022-08-24T18:49:43Z logger.go:66:           [32m+[0m [0m[1m[0mhost_affinity_rules[0m[0m = (known after apply)
TestEndToEndDeploymentScenario 2022-08-24T18:49:43Z logger.go:66:           [32m+[0m [0m[1m[0mplacement_group_id[0m[0m  = (known after apply)
TestEndToEndDeploymentScenario 2022-08-24T18:49:43Z logger.go:66:         }
TestEndToEndDeploymentScenario 2022-08-24T18:49:43Z logger.go:66: 
TestEndToEndDeploymentScenario 2022-08-24T18:49:43Z logger.go:66:       [32m+[0m [0mresources {
TestEndToEndDeploymentScenario 2022-08-24T18:49:43Z logger.go:66:           [32m+[0m [0m[1m[0mcore_fraction[0m[0m = 100
TestEndToEndDeploymentScenario 2022-08-24T18:49:43Z logger.go:66:           [32m+[0m [0m[1m[0mcores[0m[0m         = 2
TestEndToEndDeploymentScenario 2022-08-24T18:49:43Z logger.go:66:           [32m+[0m [0m[1m[0mmemory[0m[0m        = 2
TestEndToEndDeploymentScenario 2022-08-24T18:49:43Z logger.go:66:         }
TestEndToEndDeploymentScenario 2022-08-24T18:49:43Z logger.go:66: 
TestEndToEndDeploymentScenario 2022-08-24T18:49:43Z logger.go:66:       [32m+[0m [0mscheduling_policy {
TestEndToEndDeploymentScenario 2022-08-24T18:49:43Z logger.go:66:           [32m+[0m [0m[1m[0mpreemptible[0m[0m = (known after apply)
TestEndToEndDeploymentScenario 2022-08-24T18:49:43Z logger.go:66:         }
TestEndToEndDeploymentScenario 2022-08-24T18:49:43Z logger.go:66:     }
TestEndToEndDeploymentScenario 2022-08-24T18:49:43Z logger.go:66: 
TestEndToEndDeploymentScenario 2022-08-24T18:49:43Z logger.go:66: [1m  # yandex_compute_instance.wp-app-2[0m will be created[0m[0m
TestEndToEndDeploymentScenario 2022-08-24T18:49:43Z logger.go:66: [0m  [32m+[0m[0m resource "yandex_compute_instance" "wp-app-2" {
TestEndToEndDeploymentScenario 2022-08-24T18:49:43Z logger.go:66:       [32m+[0m [0m[1m[0mcreated_at[0m[0m                = (known after apply)
TestEndToEndDeploymentScenario 2022-08-24T18:49:43Z logger.go:66:       [32m+[0m [0m[1m[0mfolder_id[0m[0m                 = (known after apply)
TestEndToEndDeploymentScenario 2022-08-24T18:49:43Z logger.go:66:       [32m+[0m [0m[1m[0mfqdn[0m[0m                      = (known after apply)
TestEndToEndDeploymentScenario 2022-08-24T18:49:43Z logger.go:66:       [32m+[0m [0m[1m[0mhostname[0m[0m                  = (known after apply)
TestEndToEndDeploymentScenario 2022-08-24T18:49:43Z logger.go:66:       [32m+[0m [0m[1m[0mid[0m[0m                        = (known after apply)
TestEndToEndDeploymentScenario 2022-08-24T18:49:43Z logger.go:66:       [32m+[0m [0m[1m[0mmetadata[0m[0m                  = {
TestEndToEndDeploymentScenario 2022-08-24T18:49:43Z logger.go:66:           [32m+[0m [0m"ssh-keys" = <<-EOT
TestEndToEndDeploymentScenario 2022-08-24T18:49:43Z logger.go:66:                 ubuntu:ssh-rsa AAAAB3NzaC1yc2EAAAADAQABAAABgQDc39+ovJDrowqxSf2JyrehPW1QCtqOItdB1s4QSSXrlKKS5VdPGgRx+gO4VTMnxJZqxeydQgnn3AJFLq5UMqi/iYkv11ySdNafQs2cItDz7e+KMF2ipgKiYcdhk13g7vbSuGR2SqDKfKUKjXPubC34V2fDagp/uzcuSOSdw3QLbjdp3gIen+zALFto2FWRGnJzFyzlVwOsEXy/qXr9ArmOUj7S8IWqtfXpiDBjljo+iNBZKfyTh5iTHMfcYEA7UANzN1TfGxH9T8BHqW4MfrLbPNOQuGKseKnn3lc3IAsbBbsUByZdAr3XoNfHP1qNbuUed/aUqtgTOMbhjgEjwOwjN7uG0Dev0IxIp3CJQdh+xnBt4m9/mmrxrpZ4F/zNhrfPRV59lD2nXqQulCCKftEbp8Q8qu4FOpddt+CZSlDnpXg8aHGfLAUcjpbDXeYoXX3/ARZbeGseGzNncw8Sl90dd3Gl67ph+u74pkcSMdjVnR9aGsU75bxqERbi1oXn4Ss= nikandrov@packer
TestEndToEndDeploymentScenario 2022-08-24T18:49:43Z logger.go:66:             EOT
TestEndToEndDeploymentScenario 2022-08-24T18:49:43Z logger.go:66:         }
TestEndToEndDeploymentScenario 2022-08-24T18:49:43Z logger.go:66:       [32m+[0m [0m[1m[0mname[0m[0m                      = "wp-app-2"
TestEndToEndDeploymentScenario 2022-08-24T18:49:43Z logger.go:66:       [32m+[0m [0m[1m[0mnetwork_acceleration_type[0m[0m = "standard"
TestEndToEndDeploymentScenario 2022-08-24T18:49:43Z logger.go:66:       [32m+[0m [0m[1m[0mplatform_id[0m[0m               = "standard-v1"
TestEndToEndDeploymentScenario 2022-08-24T18:49:43Z logger.go:66:       [32m+[0m [0m[1m[0mservice_account_id[0m[0m        = (known after apply)
TestEndToEndDeploymentScenario 2022-08-24T18:49:43Z logger.go:66:       [32m+[0m [0m[1m[0mstatus[0m[0m                    = (known after apply)
TestEndToEndDeploymentScenario 2022-08-24T18:49:43Z logger.go:66:       [32m+[0m [0m[1m[0mzone[0m[0m                      = "ru-central1-b"
TestEndToEndDeploymentScenario 2022-08-24T18:49:43Z logger.go:66: 
TestEndToEndDeploymentScenario 2022-08-24T18:49:43Z logger.go:66:       [32m+[0m [0mboot_disk {
TestEndToEndDeploymentScenario 2022-08-24T18:49:43Z logger.go:66:           [32m+[0m [0m[1m[0mauto_delete[0m[0m = true
TestEndToEndDeploymentScenario 2022-08-24T18:49:43Z logger.go:66:           [32m+[0m [0m[1m[0mdevice_name[0m[0m = (known after apply)
TestEndToEndDeploymentScenario 2022-08-24T18:49:43Z logger.go:66:           [32m+[0m [0m[1m[0mdisk_id[0m[0m     = (known after apply)
TestEndToEndDeploymentScenario 2022-08-24T18:49:43Z logger.go:66:           [32m+[0m [0m[1m[0mmode[0m[0m        = (known after apply)
TestEndToEndDeploymentScenario 2022-08-24T18:49:43Z logger.go:66: 
TestEndToEndDeploymentScenario 2022-08-24T18:49:43Z logger.go:66:           [32m+[0m [0minitialize_params {
TestEndToEndDeploymentScenario 2022-08-24T18:49:43Z logger.go:66:               [32m+[0m [0m[1m[0mblock_size[0m[0m  = (known after apply)
TestEndToEndDeploymentScenario 2022-08-24T18:49:43Z logger.go:66:               [32m+[0m [0m[1m[0mdescription[0m[0m = (known after apply)
TestEndToEndDeploymentScenario 2022-08-24T18:49:43Z logger.go:66:               [32m+[0m [0m[1m[0mimage_id[0m[0m    = "fd8863qv86t8m6b1qrg4"
TestEndToEndDeploymentScenario 2022-08-24T18:49:43Z logger.go:66:               [32m+[0m [0m[1m[0mname[0m[0m        = (known after apply)
TestEndToEndDeploymentScenario 2022-08-24T18:49:43Z logger.go:66:               [32m+[0m [0m[1m[0msize[0m[0m        = (known after apply)
TestEndToEndDeploymentScenario 2022-08-24T18:49:43Z logger.go:66:               [32m+[0m [0m[1m[0msnapshot_id[0m[0m = (known after apply)
TestEndToEndDeploymentScenario 2022-08-24T18:49:43Z logger.go:66:               [32m+[0m [0m[1m[0mtype[0m[0m        = "network-hdd"
TestEndToEndDeploymentScenario 2022-08-24T18:49:43Z logger.go:66:             }
TestEndToEndDeploymentScenario 2022-08-24T18:49:43Z logger.go:66:         }
TestEndToEndDeploymentScenario 2022-08-24T18:49:43Z logger.go:66: 
TestEndToEndDeploymentScenario 2022-08-24T18:49:43Z logger.go:66:       [32m+[0m [0mnetwork_interface {
TestEndToEndDeploymentScenario 2022-08-24T18:49:43Z logger.go:66:           [32m+[0m [0m[1m[0mindex[0m[0m              = (known after apply)
TestEndToEndDeploymentScenario 2022-08-24T18:49:43Z logger.go:66:           [32m+[0m [0m[1m[0mip_address[0m[0m         = (known after apply)
TestEndToEndDeploymentScenario 2022-08-24T18:49:43Z logger.go:66:           [32m+[0m [0m[1m[0mipv4[0m[0m               = true
TestEndToEndDeploymentScenario 2022-08-24T18:49:43Z logger.go:66:           [32m+[0m [0m[1m[0mipv6[0m[0m               = (known after apply)
TestEndToEndDeploymentScenario 2022-08-24T18:49:43Z logger.go:66:           [32m+[0m [0m[1m[0mipv6_address[0m[0m       = (known after apply)
TestEndToEndDeploymentScenario 2022-08-24T18:49:43Z logger.go:66:           [32m+[0m [0m[1m[0mmac_address[0m[0m        = (known after apply)
TestEndToEndDeploymentScenario 2022-08-24T18:49:43Z logger.go:66:           [32m+[0m [0m[1m[0mnat[0m[0m                = true
TestEndToEndDeploymentScenario 2022-08-24T18:49:43Z logger.go:66:           [32m+[0m [0m[1m[0mnat_ip_address[0m[0m     = (known after apply)
TestEndToEndDeploymentScenario 2022-08-24T18:49:43Z logger.go:66:           [32m+[0m [0m[1m[0mnat_ip_version[0m[0m     = (known after apply)
TestEndToEndDeploymentScenario 2022-08-24T18:49:43Z logger.go:66:           [32m+[0m [0m[1m[0msecurity_group_ids[0m[0m = (known after apply)
TestEndToEndDeploymentScenario 2022-08-24T18:49:43Z logger.go:66:           [32m+[0m [0m[1m[0msubnet_id[0m[0m          = (known after apply)
TestEndToEndDeploymentScenario 2022-08-24T18:49:43Z logger.go:66:         }
TestEndToEndDeploymentScenario 2022-08-24T18:49:43Z logger.go:66: 
TestEndToEndDeploymentScenario 2022-08-24T18:49:43Z logger.go:66:       [32m+[0m [0mplacement_policy {
TestEndToEndDeploymentScenario 2022-08-24T18:49:43Z logger.go:66:           [32m+[0m [0m[1m[0mhost_affinity_rules[0m[0m = (known after apply)
TestEndToEndDeploymentScenario 2022-08-24T18:49:43Z logger.go:66:           [32m+[0m [0m[1m[0mplacement_group_id[0m[0m  = (known after apply)
TestEndToEndDeploymentScenario 2022-08-24T18:49:43Z logger.go:66:         }
TestEndToEndDeploymentScenario 2022-08-24T18:49:43Z logger.go:66: 
TestEndToEndDeploymentScenario 2022-08-24T18:49:43Z logger.go:66:       [32m+[0m [0mresources {
TestEndToEndDeploymentScenario 2022-08-24T18:49:43Z logger.go:66:           [32m+[0m [0m[1m[0mcore_fraction[0m[0m = 100
TestEndToEndDeploymentScenario 2022-08-24T18:49:43Z logger.go:66:           [32m+[0m [0m[1m[0mcores[0m[0m         = 2
TestEndToEndDeploymentScenario 2022-08-24T18:49:43Z logger.go:66:           [32m+[0m [0m[1m[0mmemory[0m[0m        = 2
TestEndToEndDeploymentScenario 2022-08-24T18:49:43Z logger.go:66:         }
TestEndToEndDeploymentScenario 2022-08-24T18:49:43Z logger.go:66: 
TestEndToEndDeploymentScenario 2022-08-24T18:49:43Z logger.go:66:       [32m+[0m [0mscheduling_policy {
TestEndToEndDeploymentScenario 2022-08-24T18:49:43Z logger.go:66:           [32m+[0m [0m[1m[0mpreemptible[0m[0m = (known after apply)
TestEndToEndDeploymentScenario 2022-08-24T18:49:43Z logger.go:66:         }
TestEndToEndDeploymentScenario 2022-08-24T18:49:43Z logger.go:66:     }
TestEndToEndDeploymentScenario 2022-08-24T18:49:43Z logger.go:66: 
TestEndToEndDeploymentScenario 2022-08-24T18:49:43Z logger.go:66: [1m  # yandex_lb_network_load_balancer.wp_lb[0m will be created[0m[0m
TestEndToEndDeploymentScenario 2022-08-24T18:49:43Z logger.go:66: [0m  [32m+[0m[0m resource "yandex_lb_network_load_balancer" "wp_lb" {
TestEndToEndDeploymentScenario 2022-08-24T18:49:43Z logger.go:66:       [32m+[0m [0m[1m[0mcreated_at[0m[0m = (known after apply)
TestEndToEndDeploymentScenario 2022-08-24T18:49:43Z logger.go:66:       [32m+[0m [0m[1m[0mfolder_id[0m[0m  = (known after apply)
TestEndToEndDeploymentScenario 2022-08-24T18:49:43Z logger.go:66:       [32m+[0m [0m[1m[0mid[0m[0m         = (known after apply)
TestEndToEndDeploymentScenario 2022-08-24T18:49:43Z logger.go:66:       [32m+[0m [0m[1m[0mname[0m[0m       = "wp-network-load-balancer"
TestEndToEndDeploymentScenario 2022-08-24T18:49:43Z logger.go:66:       [32m+[0m [0m[1m[0mregion_id[0m[0m  = "ru-central1"
TestEndToEndDeploymentScenario 2022-08-24T18:49:43Z logger.go:66:       [32m+[0m [0m[1m[0mtype[0m[0m       = "external"
TestEndToEndDeploymentScenario 2022-08-24T18:49:43Z logger.go:66: 
TestEndToEndDeploymentScenario 2022-08-24T18:49:43Z logger.go:66:       [32m+[0m [0mattached_target_group {
TestEndToEndDeploymentScenario 2022-08-24T18:49:43Z logger.go:66:           [32m+[0m [0m[1m[0mtarget_group_id[0m[0m = (known after apply)
TestEndToEndDeploymentScenario 2022-08-24T18:49:43Z logger.go:66: 
TestEndToEndDeploymentScenario 2022-08-24T18:49:43Z logger.go:66:           [32m+[0m [0mhealthcheck {
TestEndToEndDeploymentScenario 2022-08-24T18:49:43Z logger.go:66:               [32m+[0m [0m[1m[0mhealthy_threshold[0m[0m   = 2
TestEndToEndDeploymentScenario 2022-08-24T18:49:43Z logger.go:66:               [32m+[0m [0m[1m[0minterval[0m[0m            = 2
TestEndToEndDeploymentScenario 2022-08-24T18:49:43Z logger.go:66:               [32m+[0m [0m[1m[0mname[0m[0m                = "http"
TestEndToEndDeploymentScenario 2022-08-24T18:49:43Z logger.go:66:               [32m+[0m [0m[1m[0mtimeout[0m[0m             = 1
TestEndToEndDeploymentScenario 2022-08-24T18:49:43Z logger.go:66:               [32m+[0m [0m[1m[0munhealthy_threshold[0m[0m = 2
TestEndToEndDeploymentScenario 2022-08-24T18:49:43Z logger.go:66: 
TestEndToEndDeploymentScenario 2022-08-24T18:49:43Z logger.go:66:               [32m+[0m [0mhttp_options {
TestEndToEndDeploymentScenario 2022-08-24T18:49:43Z logger.go:66:                   [32m+[0m [0m[1m[0mpath[0m[0m = "/health"
TestEndToEndDeploymentScenario 2022-08-24T18:49:43Z logger.go:66:                   [32m+[0m [0m[1m[0mport[0m[0m = 80
TestEndToEndDeploymentScenario 2022-08-24T18:49:43Z logger.go:66:                 }
TestEndToEndDeploymentScenario 2022-08-24T18:49:43Z logger.go:66:             }
TestEndToEndDeploymentScenario 2022-08-24T18:49:43Z logger.go:66:         }
TestEndToEndDeploymentScenario 2022-08-24T18:49:43Z logger.go:66: 
TestEndToEndDeploymentScenario 2022-08-24T18:49:43Z logger.go:66:       [32m+[0m [0mlistener {
TestEndToEndDeploymentScenario 2022-08-24T18:49:43Z logger.go:66:           [32m+[0m [0m[1m[0mname[0m[0m        = "wp-listener"
TestEndToEndDeploymentScenario 2022-08-24T18:49:43Z logger.go:66:           [32m+[0m [0m[1m[0mport[0m[0m        = 80
TestEndToEndDeploymentScenario 2022-08-24T18:49:43Z logger.go:66:           [32m+[0m [0m[1m[0mprotocol[0m[0m    = (known after apply)
TestEndToEndDeploymentScenario 2022-08-24T18:49:43Z logger.go:66:           [32m+[0m [0m[1m[0mtarget_port[0m[0m = (known after apply)
TestEndToEndDeploymentScenario 2022-08-24T18:49:43Z logger.go:66: 
TestEndToEndDeploymentScenario 2022-08-24T18:49:43Z logger.go:66:           [32m+[0m [0mexternal_address_spec {
TestEndToEndDeploymentScenario 2022-08-24T18:49:43Z logger.go:66:               [32m+[0m [0m[1m[0maddress[0m[0m    = (known after apply)
TestEndToEndDeploymentScenario 2022-08-24T18:49:43Z logger.go:66:               [32m+[0m [0m[1m[0mip_version[0m[0m = "ipv4"
TestEndToEndDeploymentScenario 2022-08-24T18:49:43Z logger.go:66:             }
TestEndToEndDeploymentScenario 2022-08-24T18:49:43Z logger.go:66:         }
TestEndToEndDeploymentScenario 2022-08-24T18:49:43Z logger.go:66:     }
TestEndToEndDeploymentScenario 2022-08-24T18:49:43Z logger.go:66: 
TestEndToEndDeploymentScenario 2022-08-24T18:49:43Z logger.go:66: [1m  # yandex_lb_target_group.wp_tg[0m will be created[0m[0m
TestEndToEndDeploymentScenario 2022-08-24T18:49:43Z logger.go:66: [0m  [32m+[0m[0m resource "yandex_lb_target_group" "wp_tg" {
TestEndToEndDeploymentScenario 2022-08-24T18:49:43Z logger.go:66:       [32m+[0m [0m[1m[0mcreated_at[0m[0m = (known after apply)
TestEndToEndDeploymentScenario 2022-08-24T18:49:43Z logger.go:66:       [32m+[0m [0m[1m[0mfolder_id[0m[0m  = (known after apply)
TestEndToEndDeploymentScenario 2022-08-24T18:49:43Z logger.go:66:       [32m+[0m [0m[1m[0mid[0m[0m         = (known after apply)
TestEndToEndDeploymentScenario 2022-08-24T18:49:43Z logger.go:66:       [32m+[0m [0m[1m[0mname[0m[0m       = "wp-target-group"
TestEndToEndDeploymentScenario 2022-08-24T18:49:43Z logger.go:66:       [32m+[0m [0m[1m[0mregion_id[0m[0m  = "ru-central1"
TestEndToEndDeploymentScenario 2022-08-24T18:49:43Z logger.go:66: 
TestEndToEndDeploymentScenario 2022-08-24T18:49:43Z logger.go:66:       [32m+[0m [0mtarget {
TestEndToEndDeploymentScenario 2022-08-24T18:49:43Z logger.go:66:           [32m+[0m [0m[1m[0maddress[0m[0m   = (known after apply)
TestEndToEndDeploymentScenario 2022-08-24T18:49:43Z logger.go:66:           [32m+[0m [0m[1m[0msubnet_id[0m[0m = (known after apply)
TestEndToEndDeploymentScenario 2022-08-24T18:49:43Z logger.go:66:         }
TestEndToEndDeploymentScenario 2022-08-24T18:49:43Z logger.go:66:       [32m+[0m [0mtarget {
TestEndToEndDeploymentScenario 2022-08-24T18:49:43Z logger.go:66:           [32m+[0m [0m[1m[0maddress[0m[0m   = (known after apply)
TestEndToEndDeploymentScenario 2022-08-24T18:49:43Z logger.go:66:           [32m+[0m [0m[1m[0msubnet_id[0m[0m = (known after apply)
TestEndToEndDeploymentScenario 2022-08-24T18:49:43Z logger.go:66:         }
TestEndToEndDeploymentScenario 2022-08-24T18:49:43Z logger.go:66:     }
TestEndToEndDeploymentScenario 2022-08-24T18:49:43Z logger.go:66: 
TestEndToEndDeploymentScenario 2022-08-24T18:49:43Z logger.go:66: [1m  # yandex_mdb_mysql_cluster.wp_mysql[0m will be created[0m[0m
TestEndToEndDeploymentScenario 2022-08-24T18:49:43Z logger.go:66: [0m  [32m+[0m[0m resource "yandex_mdb_mysql_cluster" "wp_mysql" {
TestEndToEndDeploymentScenario 2022-08-24T18:49:43Z logger.go:66:       [32m+[0m [0m[1m[0mallow_regeneration_host[0m[0m = false
TestEndToEndDeploymentScenario 2022-08-24T18:49:43Z logger.go:66:       [32m+[0m [0m[1m[0mcreated_at[0m[0m              = (known after apply)
TestEndToEndDeploymentScenario 2022-08-24T18:49:43Z logger.go:66:       [32m+[0m [0m[1m[0mdeletion_protection[0m[0m     = (known after apply)
TestEndToEndDeploymentScenario 2022-08-24T18:49:43Z logger.go:66:       [32m+[0m [0m[1m[0menvironment[0m[0m             = "PRODUCTION"
TestEndToEndDeploymentScenario 2022-08-24T18:49:43Z logger.go:66:       [32m+[0m [0m[1m[0mfolder_id[0m[0m               = "b1gdble3rr8et6i7tijl"
TestEndToEndDeploymentScenario 2022-08-24T18:49:43Z logger.go:66:       [32m+[0m [0m[1m[0mhealth[0m[0m                  = (known after apply)
TestEndToEndDeploymentScenario 2022-08-24T18:49:43Z logger.go:66:       [32m+[0m [0m[1m[0mhost_group_ids[0m[0m          = (known after apply)
TestEndToEndDeploymentScenario 2022-08-24T18:49:43Z logger.go:66:       [32m+[0m [0m[1m[0mid[0m[0m                      = (known after apply)
TestEndToEndDeploymentScenario 2022-08-24T18:49:43Z logger.go:66:       [32m+[0m [0m[1m[0mmysql_config[0m[0m            = (known after apply)
TestEndToEndDeploymentScenario 2022-08-24T18:49:43Z logger.go:66:       [32m+[0m [0m[1m[0mname[0m[0m                    = "wp-mysql"
TestEndToEndDeploymentScenario 2022-08-24T18:49:43Z logger.go:66:       [32m+[0m [0m[1m[0mnetwork_id[0m[0m              = (known after apply)
TestEndToEndDeploymentScenario 2022-08-24T18:49:43Z logger.go:66:       [32m+[0m [0m[1m[0mstatus[0m[0m                  = (known after apply)
TestEndToEndDeploymentScenario 2022-08-24T18:49:43Z logger.go:66:       [32m+[0m [0m[1m[0mversion[0m[0m                 = "8.0"
TestEndToEndDeploymentScenario 2022-08-24T18:49:43Z logger.go:66: 
TestEndToEndDeploymentScenario 2022-08-24T18:49:43Z logger.go:66:       [32m+[0m [0maccess {
TestEndToEndDeploymentScenario 2022-08-24T18:49:43Z logger.go:66:           [32m+[0m [0m[1m[0mdata_lens[0m[0m = (known after apply)
TestEndToEndDeploymentScenario 2022-08-24T18:49:43Z logger.go:66:           [32m+[0m [0m[1m[0mweb_sql[0m[0m   = (known after apply)
TestEndToEndDeploymentScenario 2022-08-24T18:49:43Z logger.go:66:         }
TestEndToEndDeploymentScenario 2022-08-24T18:49:43Z logger.go:66: 
TestEndToEndDeploymentScenario 2022-08-24T18:49:43Z logger.go:66:       [32m+[0m [0mbackup_window_start {
TestEndToEndDeploymentScenario 2022-08-24T18:49:43Z logger.go:66:           [32m+[0m [0m[1m[0mhours[0m[0m   = (known after apply)
TestEndToEndDeploymentScenario 2022-08-24T18:49:43Z logger.go:66:           [32m+[0m [0m[1m[0mminutes[0m[0m = (known after apply)
TestEndToEndDeploymentScenario 2022-08-24T18:49:43Z logger.go:66:         }
TestEndToEndDeploymentScenario 2022-08-24T18:49:43Z logger.go:66: 
TestEndToEndDeploymentScenario 2022-08-24T18:49:43Z logger.go:66:       [32m+[0m [0mdatabase {
TestEndToEndDeploymentScenario 2022-08-24T18:49:43Z logger.go:66:           [32m+[0m [0m[1m[0mname[0m[0m = "db"
TestEndToEndDeploymentScenario 2022-08-24T18:49:43Z logger.go:66:         }
TestEndToEndDeploymentScenario 2022-08-24T18:49:43Z logger.go:66: 
TestEndToEndDeploymentScenario 2022-08-24T18:49:43Z logger.go:66:       [32m+[0m [0mhost {
TestEndToEndDeploymentScenario 2022-08-24T18:49:43Z logger.go:66:           [32m+[0m [0m[1m[0massign_public_ip[0m[0m   = true
TestEndToEndDeploymentScenario 2022-08-24T18:49:43Z logger.go:66:           [32m+[0m [0m[1m[0mfqdn[0m[0m               = (known after apply)
TestEndToEndDeploymentScenario 2022-08-24T18:49:43Z logger.go:66:           [32m+[0m [0m[1m[0mreplication_source[0m[0m = (known after apply)
TestEndToEndDeploymentScenario 2022-08-24T18:49:43Z logger.go:66:           [32m+[0m [0m[1m[0msubnet_id[0m[0m          = (known after apply)
TestEndToEndDeploymentScenario 2022-08-24T18:49:43Z logger.go:66:           [32m+[0m [0m[1m[0mzone[0m[0m               = "ru-central1-b"
TestEndToEndDeploymentScenario 2022-08-24T18:49:43Z logger.go:66:         }
TestEndToEndDeploymentScenario 2022-08-24T18:49:43Z logger.go:66:       [32m+[0m [0mhost {
TestEndToEndDeploymentScenario 2022-08-24T18:49:43Z logger.go:66:           [32m+[0m [0m[1m[0massign_public_ip[0m[0m   = true
TestEndToEndDeploymentScenario 2022-08-24T18:49:43Z logger.go:66:           [32m+[0m [0m[1m[0mfqdn[0m[0m               = (known after apply)
TestEndToEndDeploymentScenario 2022-08-24T18:49:43Z logger.go:66:           [32m+[0m [0m[1m[0mreplication_source[0m[0m = (known after apply)
TestEndToEndDeploymentScenario 2022-08-24T18:49:43Z logger.go:66:           [32m+[0m [0m[1m[0msubnet_id[0m[0m          = (known after apply)
TestEndToEndDeploymentScenario 2022-08-24T18:49:43Z logger.go:66:           [32m+[0m [0m[1m[0mzone[0m[0m               = "ru-central1-c"
TestEndToEndDeploymentScenario 2022-08-24T18:49:43Z logger.go:66:         }
TestEndToEndDeploymentScenario 2022-08-24T18:49:43Z logger.go:66: 
TestEndToEndDeploymentScenario 2022-08-24T18:49:43Z logger.go:66:       [32m+[0m [0mmaintenance_window {
TestEndToEndDeploymentScenario 2022-08-24T18:49:43Z logger.go:66:           [32m+[0m [0m[1m[0mday[0m[0m  = (known after apply)
TestEndToEndDeploymentScenario 2022-08-24T18:49:43Z logger.go:66:           [32m+[0m [0m[1m[0mhour[0m[0m = (known after apply)
TestEndToEndDeploymentScenario 2022-08-24T18:49:43Z logger.go:66:           [32m+[0m [0m[1m[0mtype[0m[0m = (known after apply)
TestEndToEndDeploymentScenario 2022-08-24T18:49:43Z logger.go:66:         }
TestEndToEndDeploymentScenario 2022-08-24T18:49:43Z logger.go:66: 
TestEndToEndDeploymentScenario 2022-08-24T18:49:43Z logger.go:66:       [32m+[0m [0mperformance_diagnostics {
TestEndToEndDeploymentScenario 2022-08-24T18:49:43Z logger.go:66:           [32m+[0m [0m[1m[0menabled[0m[0m                      = (known after apply)
TestEndToEndDeploymentScenario 2022-08-24T18:49:43Z logger.go:66:           [32m+[0m [0m[1m[0msessions_sampling_interval[0m[0m   = (known after apply)
TestEndToEndDeploymentScenario 2022-08-24T18:49:43Z logger.go:66:           [32m+[0m [0m[1m[0mstatements_sampling_interval[0m[0m = (known after apply)
TestEndToEndDeploymentScenario 2022-08-24T18:49:43Z logger.go:66:         }
TestEndToEndDeploymentScenario 2022-08-24T18:49:43Z logger.go:66: 
TestEndToEndDeploymentScenario 2022-08-24T18:49:43Z logger.go:66:       [32m+[0m [0mresources {
TestEndToEndDeploymentScenario 2022-08-24T18:49:43Z logger.go:66:           [32m+[0m [0m[1m[0mdisk_size[0m[0m          = 16
TestEndToEndDeploymentScenario 2022-08-24T18:49:43Z logger.go:66:           [32m+[0m [0m[1m[0mdisk_type_id[0m[0m       = "network-ssd"
TestEndToEndDeploymentScenario 2022-08-24T18:49:43Z logger.go:66:           [32m+[0m [0m[1m[0mresource_preset_id[0m[0m = "s2.micro"
TestEndToEndDeploymentScenario 2022-08-24T18:49:43Z logger.go:66:         }
TestEndToEndDeploymentScenario 2022-08-24T18:49:43Z logger.go:66: 
TestEndToEndDeploymentScenario 2022-08-24T18:49:43Z logger.go:66:       [32m+[0m [0muser {
TestEndToEndDeploymentScenario 2022-08-24T18:49:43Z logger.go:66:           [32m+[0m [0m[1m[0mauthentication_plugin[0m[0m = "MYSQL_NATIVE_PASSWORD"
TestEndToEndDeploymentScenario 2022-08-24T18:49:43Z logger.go:66:           [32m+[0m [0m[1m[0mglobal_permissions[0m[0m    = (known after apply)
TestEndToEndDeploymentScenario 2022-08-24T18:49:43Z logger.go:66:           [32m+[0m [0m[1m[0mname[0m[0m                  = "user"
TestEndToEndDeploymentScenario 2022-08-24T18:49:43Z logger.go:66:           [32m+[0m [0m[1m[0mpassword[0m[0m              = (sensitive value)
TestEndToEndDeploymentScenario 2022-08-24T18:49:43Z logger.go:66: 
TestEndToEndDeploymentScenario 2022-08-24T18:49:43Z logger.go:66:           [32m+[0m [0mconnection_limits {
TestEndToEndDeploymentScenario 2022-08-24T18:49:43Z logger.go:66:               [32m+[0m [0m[1m[0mmax_connections_per_hour[0m[0m = (known after apply)
TestEndToEndDeploymentScenario 2022-08-24T18:49:43Z logger.go:66:               [32m+[0m [0m[1m[0mmax_questions_per_hour[0m[0m   = (known after apply)
TestEndToEndDeploymentScenario 2022-08-24T18:49:43Z logger.go:66:               [32m+[0m [0m[1m[0mmax_updates_per_hour[0m[0m     = (known after apply)
TestEndToEndDeploymentScenario 2022-08-24T18:49:43Z logger.go:66:               [32m+[0m [0m[1m[0mmax_user_connections[0m[0m     = (known after apply)
TestEndToEndDeploymentScenario 2022-08-24T18:49:43Z logger.go:66:             }
TestEndToEndDeploymentScenario 2022-08-24T18:49:43Z logger.go:66: 
TestEndToEndDeploymentScenario 2022-08-24T18:49:43Z logger.go:66:           [32m+[0m [0mpermission {
TestEndToEndDeploymentScenario 2022-08-24T18:49:43Z logger.go:66:               [32m+[0m [0m[1m[0mdatabase_name[0m[0m = "db"
TestEndToEndDeploymentScenario 2022-08-24T18:49:43Z logger.go:66:               [32m+[0m [0m[1m[0mroles[0m[0m         = [
TestEndToEndDeploymentScenario 2022-08-24T18:49:43Z logger.go:66:                   [32m+[0m [0m"ALL",
TestEndToEndDeploymentScenario 2022-08-24T18:49:43Z logger.go:66:                 ]
TestEndToEndDeploymentScenario 2022-08-24T18:49:43Z logger.go:66:             }
TestEndToEndDeploymentScenario 2022-08-24T18:49:43Z logger.go:66:         }
TestEndToEndDeploymentScenario 2022-08-24T18:49:43Z logger.go:66:     }
TestEndToEndDeploymentScenario 2022-08-24T18:49:43Z logger.go:66: 
TestEndToEndDeploymentScenario 2022-08-24T18:49:43Z logger.go:66: [1m  # yandex_vpc_network.wp-network[0m will be created[0m[0m
TestEndToEndDeploymentScenario 2022-08-24T18:49:43Z logger.go:66: [0m  [32m+[0m[0m resource "yandex_vpc_network" "wp-network" {
TestEndToEndDeploymentScenario 2022-08-24T18:49:43Z logger.go:66:       [32m+[0m [0m[1m[0mcreated_at[0m[0m                = (known after apply)
TestEndToEndDeploymentScenario 2022-08-24T18:49:43Z logger.go:66:       [32m+[0m [0m[1m[0mdefault_security_group_id[0m[0m = (known after apply)
TestEndToEndDeploymentScenario 2022-08-24T18:49:43Z logger.go:66:       [32m+[0m [0m[1m[0mfolder_id[0m[0m                 = (known after apply)
TestEndToEndDeploymentScenario 2022-08-24T18:49:43Z logger.go:66:       [32m+[0m [0m[1m[0mid[0m[0m                        = (known after apply)
TestEndToEndDeploymentScenario 2022-08-24T18:49:43Z logger.go:66:       [32m+[0m [0m[1m[0mlabels[0m[0m                    = (known after apply)
TestEndToEndDeploymentScenario 2022-08-24T18:49:43Z logger.go:66:       [32m+[0m [0m[1m[0mname[0m[0m                      = "wp-network"
TestEndToEndDeploymentScenario 2022-08-24T18:49:43Z logger.go:66:       [32m+[0m [0m[1m[0msubnet_ids[0m[0m                = (known after apply)
TestEndToEndDeploymentScenario 2022-08-24T18:49:43Z logger.go:66:     }
TestEndToEndDeploymentScenario 2022-08-24T18:49:43Z logger.go:66: 
TestEndToEndDeploymentScenario 2022-08-24T18:49:43Z logger.go:66: [1m  # yandex_vpc_subnet.wp-subnet-a[0m will be created[0m[0m
TestEndToEndDeploymentScenario 2022-08-24T18:49:43Z logger.go:66: [0m  [32m+[0m[0m resource "yandex_vpc_subnet" "wp-subnet-a" {
TestEndToEndDeploymentScenario 2022-08-24T18:49:43Z logger.go:66:       [32m+[0m [0m[1m[0mcreated_at[0m[0m     = (known after apply)
TestEndToEndDeploymentScenario 2022-08-24T18:49:43Z logger.go:66:       [32m+[0m [0m[1m[0mfolder_id[0m[0m      = (known after apply)
TestEndToEndDeploymentScenario 2022-08-24T18:49:43Z logger.go:66:       [32m+[0m [0m[1m[0mid[0m[0m             = (known after apply)
TestEndToEndDeploymentScenario 2022-08-24T18:49:43Z logger.go:66:       [32m+[0m [0m[1m[0mlabels[0m[0m         = (known after apply)
TestEndToEndDeploymentScenario 2022-08-24T18:49:43Z logger.go:66:       [32m+[0m [0m[1m[0mname[0m[0m           = "wp-subnet-a"
TestEndToEndDeploymentScenario 2022-08-24T18:49:43Z logger.go:66:       [32m+[0m [0m[1m[0mnetwork_id[0m[0m     = (known after apply)
TestEndToEndDeploymentScenario 2022-08-24T18:49:43Z logger.go:66:       [32m+[0m [0m[1m[0mv4_cidr_blocks[0m[0m = [
TestEndToEndDeploymentScenario 2022-08-24T18:49:43Z logger.go:66:           [32m+[0m [0m"10.2.0.0/16",
TestEndToEndDeploymentScenario 2022-08-24T18:49:43Z logger.go:66:         ]
TestEndToEndDeploymentScenario 2022-08-24T18:49:43Z logger.go:66:       [32m+[0m [0m[1m[0mv6_cidr_blocks[0m[0m = (known after apply)
TestEndToEndDeploymentScenario 2022-08-24T18:49:43Z logger.go:66:       [32m+[0m [0m[1m[0mzone[0m[0m           = "ru-central1-a"
TestEndToEndDeploymentScenario 2022-08-24T18:49:43Z logger.go:66:     }
TestEndToEndDeploymentScenario 2022-08-24T18:49:43Z logger.go:66: 
TestEndToEndDeploymentScenario 2022-08-24T18:49:43Z logger.go:66: [1m  # yandex_vpc_subnet.wp-subnet-b[0m will be created[0m[0m
TestEndToEndDeploymentScenario 2022-08-24T18:49:43Z logger.go:66: [0m  [32m+[0m[0m resource "yandex_vpc_subnet" "wp-subnet-b" {
TestEndToEndDeploymentScenario 2022-08-24T18:49:43Z logger.go:66:       [32m+[0m [0m[1m[0mcreated_at[0m[0m     = (known after apply)
TestEndToEndDeploymentScenario 2022-08-24T18:49:43Z logger.go:66:       [32m+[0m [0m[1m[0mfolder_id[0m[0m      = (known after apply)
TestEndToEndDeploymentScenario 2022-08-24T18:49:43Z logger.go:66:       [32m+[0m [0m[1m[0mid[0m[0m             = (known after apply)
TestEndToEndDeploymentScenario 2022-08-24T18:49:43Z logger.go:66:       [32m+[0m [0m[1m[0mlabels[0m[0m         = (known after apply)
TestEndToEndDeploymentScenario 2022-08-24T18:49:43Z logger.go:66:       [32m+[0m [0m[1m[0mname[0m[0m           = "wp-subnet-b"
TestEndToEndDeploymentScenario 2022-08-24T18:49:43Z logger.go:66:       [32m+[0m [0m[1m[0mnetwork_id[0m[0m     = (known after apply)
TestEndToEndDeploymentScenario 2022-08-24T18:49:43Z logger.go:66:       [32m+[0m [0m[1m[0mv4_cidr_blocks[0m[0m = [
TestEndToEndDeploymentScenario 2022-08-24T18:49:43Z logger.go:66:           [32m+[0m [0m"10.3.0.0/16",
TestEndToEndDeploymentScenario 2022-08-24T18:49:43Z logger.go:66:         ]
TestEndToEndDeploymentScenario 2022-08-24T18:49:43Z logger.go:66:       [32m+[0m [0m[1m[0mv6_cidr_blocks[0m[0m = (known after apply)
TestEndToEndDeploymentScenario 2022-08-24T18:49:43Z logger.go:66:       [32m+[0m [0m[1m[0mzone[0m[0m           = "ru-central1-b"
TestEndToEndDeploymentScenario 2022-08-24T18:49:43Z logger.go:66:     }
TestEndToEndDeploymentScenario 2022-08-24T18:49:43Z logger.go:66: 
TestEndToEndDeploymentScenario 2022-08-24T18:49:43Z logger.go:66: [1m  # yandex_vpc_subnet.wp-subnet-c[0m will be created[0m[0m
TestEndToEndDeploymentScenario 2022-08-24T18:49:43Z logger.go:66: [0m  [32m+[0m[0m resource "yandex_vpc_subnet" "wp-subnet-c" {
TestEndToEndDeploymentScenario 2022-08-24T18:49:43Z logger.go:66:       [32m+[0m [0m[1m[0mcreated_at[0m[0m     = (known after apply)
TestEndToEndDeploymentScenario 2022-08-24T18:49:43Z logger.go:66:       [32m+[0m [0m[1m[0mfolder_id[0m[0m      = (known after apply)
TestEndToEndDeploymentScenario 2022-08-24T18:49:43Z logger.go:66:       [32m+[0m [0m[1m[0mid[0m[0m             = (known after apply)
TestEndToEndDeploymentScenario 2022-08-24T18:49:43Z logger.go:66:       [32m+[0m [0m[1m[0mlabels[0m[0m         = (known after apply)
TestEndToEndDeploymentScenario 2022-08-24T18:49:43Z logger.go:66:       [32m+[0m [0m[1m[0mname[0m[0m           = "wp-subnet-c"
TestEndToEndDeploymentScenario 2022-08-24T18:49:43Z logger.go:66:       [32m+[0m [0m[1m[0mnetwork_id[0m[0m     = (known after apply)
TestEndToEndDeploymentScenario 2022-08-24T18:49:43Z logger.go:66:       [32m+[0m [0m[1m[0mv4_cidr_blocks[0m[0m = [
TestEndToEndDeploymentScenario 2022-08-24T18:49:43Z logger.go:66:           [32m+[0m [0m"10.4.0.0/16",
TestEndToEndDeploymentScenario 2022-08-24T18:49:43Z logger.go:66:         ]
TestEndToEndDeploymentScenario 2022-08-24T18:49:43Z logger.go:66:       [32m+[0m [0m[1m[0mv6_cidr_blocks[0m[0m = (known after apply)
TestEndToEndDeploymentScenario 2022-08-24T18:49:43Z logger.go:66:       [32m+[0m [0m[1m[0mzone[0m[0m           = "ru-central1-c"
TestEndToEndDeploymentScenario 2022-08-24T18:49:43Z logger.go:66:     }
TestEndToEndDeploymentScenario 2022-08-24T18:49:43Z logger.go:66: 
TestEndToEndDeploymentScenario 2022-08-24T18:49:43Z logger.go:66: [0m[1mPlan:[0m 9 to add, 0 to change, 0 to destroy.
TestEndToEndDeploymentScenario 2022-08-24T18:49:43Z logger.go:66: [0m[0m
TestEndToEndDeploymentScenario 2022-08-24T18:49:43Z logger.go:66: [1mChanges to Outputs:[0m[0m
TestEndToEndDeploymentScenario 2022-08-24T18:49:43Z logger.go:66:   [32m+[0m [0m[1m[0mdatabase_host_fqdn[0m[0m         = [
TestEndToEndDeploymentScenario 2022-08-24T18:49:43Z logger.go:66:       [32m+[0m [0m(known after apply),
TestEndToEndDeploymentScenario 2022-08-24T18:49:43Z logger.go:66:       [32m+[0m [0m(known after apply),
TestEndToEndDeploymentScenario 2022-08-24T18:49:43Z logger.go:66:     ]
TestEndToEndDeploymentScenario 2022-08-24T18:49:43Z logger.go:66:   [32m+[0m [0m[1m[0mload_balancer_public_ip[0m[0m    = (known after apply)
TestEndToEndDeploymentScenario 2022-08-24T18:49:43Z logger.go:66:   [32m+[0m [0m[1m[0mvm_linux_public_ip_address[0m[0m = (known after apply)
TestEndToEndDeploymentScenario 2022-08-24T18:49:43Z logger.go:66: [0m[1myandex_vpc_network.wp-network: Creating...[0m[0m
TestEndToEndDeploymentScenario 2022-08-24T18:49:46Z logger.go:66: [0m[1myandex_vpc_network.wp-network: Creation complete after 3s [id=enp97cos5etd96116rao][0m
TestEndToEndDeploymentScenario 2022-08-24T18:49:46Z logger.go:66: [0m[1myandex_vpc_subnet.wp-subnet-a: Creating...[0m[0m
TestEndToEndDeploymentScenario 2022-08-24T18:49:46Z logger.go:66: [0m[1myandex_vpc_subnet.wp-subnet-b: Creating...[0m[0m
TestEndToEndDeploymentScenario 2022-08-24T18:49:46Z logger.go:66: [0m[1myandex_vpc_subnet.wp-subnet-c: Creating...[0m[0m
TestEndToEndDeploymentScenario 2022-08-24T18:49:47Z logger.go:66: [0m[1myandex_vpc_subnet.wp-subnet-b: Creation complete after 1s [id=e2lth376o55viujm59td][0m
TestEndToEndDeploymentScenario 2022-08-24T18:49:47Z logger.go:66: [0m[1myandex_compute_instance.wp-app-2: Creating...[0m[0m
TestEndToEndDeploymentScenario 2022-08-24T18:49:47Z logger.go:66: [0m[1myandex_vpc_subnet.wp-subnet-a: Creation complete after 2s [id=e9bnkdmmb5bhaqobmpam][0m
TestEndToEndDeploymentScenario 2022-08-24T18:49:48Z logger.go:66: [0m[1myandex_compute_instance.wp-app-1: Creating...[0m[0m
TestEndToEndDeploymentScenario 2022-08-24T18:49:48Z logger.go:66: [0m[1myandex_vpc_subnet.wp-subnet-c: Creation complete after 3s [id=b0cmppq0iuht67tnmiuo][0m
TestEndToEndDeploymentScenario 2022-08-24T18:49:49Z logger.go:66: [0m[1myandex_mdb_mysql_cluster.wp_mysql: Creating...[0m[0m
TestEndToEndDeploymentScenario 2022-08-24T18:49:57Z logger.go:66: [0m[1myandex_compute_instance.wp-app-2: Still creating... [10s elapsed][0m[0m
TestEndToEndDeploymentScenario 2022-08-24T18:49:58Z logger.go:66: [0m[1myandex_compute_instance.wp-app-1: Still creating... [10s elapsed][0m[0m
TestEndToEndDeploymentScenario 2022-08-24T18:49:59Z logger.go:66: [0m[1myandex_mdb_mysql_cluster.wp_mysql: Still creating... [10s elapsed][0m[0m
TestEndToEndDeploymentScenario 2022-08-24T18:50:07Z logger.go:66: [0m[1myandex_compute_instance.wp-app-2: Still creating... [20s elapsed][0m[0m
TestEndToEndDeploymentScenario 2022-08-24T18:50:08Z logger.go:66: [0m[1myandex_compute_instance.wp-app-1: Still creating... [20s elapsed][0m[0m
TestEndToEndDeploymentScenario 2022-08-24T18:50:09Z logger.go:66: [0m[1myandex_mdb_mysql_cluster.wp_mysql: Still creating... [20s elapsed][0m[0m
TestEndToEndDeploymentScenario 2022-08-24T18:50:17Z logger.go:66: [0m[1myandex_compute_instance.wp-app-2: Still creating... [30s elapsed][0m[0m
TestEndToEndDeploymentScenario 2022-08-24T18:50:18Z logger.go:66: [0m[1myandex_compute_instance.wp-app-1: Still creating... [30s elapsed][0m[0m
TestEndToEndDeploymentScenario 2022-08-24T18:50:19Z logger.go:66: [0m[1myandex_mdb_mysql_cluster.wp_mysql: Still creating... [30s elapsed][0m[0m
TestEndToEndDeploymentScenario 2022-08-24T18:50:27Z logger.go:66: [0m[1myandex_compute_instance.wp-app-2: Still creating... [40s elapsed][0m[0m
TestEndToEndDeploymentScenario 2022-08-24T18:50:28Z logger.go:66: [0m[1myandex_compute_instance.wp-app-1: Still creating... [40s elapsed][0m[0m
TestEndToEndDeploymentScenario 2022-08-24T18:50:29Z logger.go:66: [0m[1myandex_mdb_mysql_cluster.wp_mysql: Still creating... [40s elapsed][0m[0m
TestEndToEndDeploymentScenario 2022-08-24T18:50:30Z logger.go:66: [0m[1myandex_compute_instance.wp-app-2: Creation complete after 44s [id=epdsftsuo8rmf51usu4r][0m
TestEndToEndDeploymentScenario 2022-08-24T18:50:35Z logger.go:66: [0m[1myandex_compute_instance.wp-app-1: Creation complete after 47s [id=fhmddjm0flqkckrdrbpn][0m
TestEndToEndDeploymentScenario 2022-08-24T18:50:35Z logger.go:66: [0m[1myandex_lb_target_group.wp_tg: Creating...[0m[0m
TestEndToEndDeploymentScenario 2022-08-24T18:50:37Z logger.go:66: [0m[1myandex_lb_target_group.wp_tg: Creation complete after 3s [id=enpco4h9npnl0lacu5p0][0m
TestEndToEndDeploymentScenario 2022-08-24T18:50:37Z logger.go:66: [0m[1myandex_lb_network_load_balancer.wp_lb: Creating...[0m[0m
TestEndToEndDeploymentScenario 2022-08-24T18:50:39Z logger.go:66: [0m[1myandex_mdb_mysql_cluster.wp_mysql: Still creating... [50s elapsed][0m[0m
TestEndToEndDeploymentScenario 2022-08-24T18:50:40Z logger.go:66: [0m[1myandex_lb_network_load_balancer.wp_lb: Creation complete after 3s [id=enp2rv2k8glosqpjr2ve][0m
TestEndToEndDeploymentScenario 2022-08-24T18:50:49Z logger.go:66: [0m[1myandex_mdb_mysql_cluster.wp_mysql: Still creating... [1m0s elapsed][0m[0m
TestEndToEndDeploymentScenario 2022-08-24T18:50:59Z logger.go:66: [0m[1myandex_mdb_mysql_cluster.wp_mysql: Still creating... [1m10s elapsed][0m[0m
TestEndToEndDeploymentScenario 2022-08-24T18:51:09Z logger.go:66: [0m[1myandex_mdb_mysql_cluster.wp_mysql: Still creating... [1m20s elapsed][0m[0m
TestEndToEndDeploymentScenario 2022-08-24T18:51:19Z logger.go:66: [0m[1myandex_mdb_mysql_cluster.wp_mysql: Still creating... [1m30s elapsed][0m[0m
TestEndToEndDeploymentScenario 2022-08-24T18:51:29Z logger.go:66: [0m[1myandex_mdb_mysql_cluster.wp_mysql: Still creating... [1m40s elapsed][0m[0m
TestEndToEndDeploymentScenario 2022-08-24T18:51:39Z logger.go:66: [0m[1myandex_mdb_mysql_cluster.wp_mysql: Still creating... [1m50s elapsed][0m[0m
TestEndToEndDeploymentScenario 2022-08-24T18:51:49Z logger.go:66: [0m[1myandex_mdb_mysql_cluster.wp_mysql: Still creating... [2m0s elapsed][0m[0m
TestEndToEndDeploymentScenario 2022-08-24T18:51:59Z logger.go:66: [0m[1myandex_mdb_mysql_cluster.wp_mysql: Still creating... [2m10s elapsed][0m[0m
TestEndToEndDeploymentScenario 2022-08-24T18:52:09Z logger.go:66: [0m[1myandex_mdb_mysql_cluster.wp_mysql: Still creating... [2m20s elapsed][0m[0m
TestEndToEndDeploymentScenario 2022-08-24T18:52:19Z logger.go:66: [0m[1myandex_mdb_mysql_cluster.wp_mysql: Still creating... [2m30s elapsed][0m[0m
TestEndToEndDeploymentScenario 2022-08-24T18:52:29Z logger.go:66: [0m[1myandex_mdb_mysql_cluster.wp_mysql: Still creating... [2m40s elapsed][0m[0m
TestEndToEndDeploymentScenario 2022-08-24T18:52:39Z logger.go:66: [0m[1myandex_mdb_mysql_cluster.wp_mysql: Still creating... [2m50s elapsed][0m[0m
TestEndToEndDeploymentScenario 2022-08-24T18:52:49Z logger.go:66: [0m[1myandex_mdb_mysql_cluster.wp_mysql: Still creating... [3m0s elapsed][0m[0m
TestEndToEndDeploymentScenario 2022-08-24T18:52:59Z logger.go:66: [0m[1myandex_mdb_mysql_cluster.wp_mysql: Still creating... [3m10s elapsed][0m[0m
TestEndToEndDeploymentScenario 2022-08-24T18:53:09Z logger.go:66: [0m[1myandex_mdb_mysql_cluster.wp_mysql: Still creating... [3m20s elapsed][0m[0m
TestEndToEndDeploymentScenario 2022-08-24T18:53:19Z logger.go:66: [0m[1myandex_mdb_mysql_cluster.wp_mysql: Still creating... [3m30s elapsed][0m[0m
TestEndToEndDeploymentScenario 2022-08-24T18:53:29Z logger.go:66: [0m[1myandex_mdb_mysql_cluster.wp_mysql: Still creating... [3m40s elapsed][0m[0m
TestEndToEndDeploymentScenario 2022-08-24T18:53:39Z logger.go:66: [0m[1myandex_mdb_mysql_cluster.wp_mysql: Still creating... [3m50s elapsed][0m[0m
TestEndToEndDeploymentScenario 2022-08-24T18:53:49Z logger.go:66: [0m[1myandex_mdb_mysql_cluster.wp_mysql: Still creating... [4m0s elapsed][0m[0m
TestEndToEndDeploymentScenario 2022-08-24T18:53:59Z logger.go:66: [0m[1myandex_mdb_mysql_cluster.wp_mysql: Still creating... [4m10s elapsed][0m[0m
TestEndToEndDeploymentScenario 2022-08-24T18:54:09Z logger.go:66: [0m[1myandex_mdb_mysql_cluster.wp_mysql: Still creating... [4m20s elapsed][0m[0m
TestEndToEndDeploymentScenario 2022-08-24T18:54:19Z logger.go:66: [0m[1myandex_mdb_mysql_cluster.wp_mysql: Still creating... [4m30s elapsed][0m[0m
TestEndToEndDeploymentScenario 2022-08-24T18:54:29Z logger.go:66: [0m[1myandex_mdb_mysql_cluster.wp_mysql: Still creating... [4m40s elapsed][0m[0m
TestEndToEndDeploymentScenario 2022-08-24T18:54:39Z logger.go:66: [0m[1myandex_mdb_mysql_cluster.wp_mysql: Still creating... [4m50s elapsed][0m[0m
TestEndToEndDeploymentScenario 2022-08-24T18:54:49Z logger.go:66: [0m[1myandex_mdb_mysql_cluster.wp_mysql: Still creating... [5m0s elapsed][0m[0m
TestEndToEndDeploymentScenario 2022-08-24T18:54:59Z logger.go:66: [0m[1myandex_mdb_mysql_cluster.wp_mysql: Still creating... [5m10s elapsed][0m[0m
TestEndToEndDeploymentScenario 2022-08-24T18:55:09Z logger.go:66: [0m[1myandex_mdb_mysql_cluster.wp_mysql: Still creating... [5m20s elapsed][0m[0m
TestEndToEndDeploymentScenario 2022-08-24T18:55:19Z logger.go:66: [0m[1myandex_mdb_mysql_cluster.wp_mysql: Still creating... [5m30s elapsed][0m[0m
TestEndToEndDeploymentScenario 2022-08-24T18:55:29Z logger.go:66: [0m[1myandex_mdb_mysql_cluster.wp_mysql: Still creating... [5m40s elapsed][0m[0m
TestEndToEndDeploymentScenario 2022-08-24T18:55:39Z logger.go:66: [0m[1myandex_mdb_mysql_cluster.wp_mysql: Still creating... [5m50s elapsed][0m[0m
TestEndToEndDeploymentScenario 2022-08-24T18:55:49Z logger.go:66: [0m[1myandex_mdb_mysql_cluster.wp_mysql: Still creating... [6m0s elapsed][0m[0m
TestEndToEndDeploymentScenario 2022-08-24T18:55:59Z logger.go:66: [0m[1myandex_mdb_mysql_cluster.wp_mysql: Still creating... [6m10s elapsed][0m[0m
TestEndToEndDeploymentScenario 2022-08-24T18:56:09Z logger.go:66: [0m[1myandex_mdb_mysql_cluster.wp_mysql: Still creating... [6m20s elapsed][0m[0m
TestEndToEndDeploymentScenario 2022-08-24T18:56:19Z logger.go:66: [0m[1myandex_mdb_mysql_cluster.wp_mysql: Still creating... [6m30s elapsed][0m[0m
TestEndToEndDeploymentScenario 2022-08-24T18:56:29Z logger.go:66: [0m[1myandex_mdb_mysql_cluster.wp_mysql: Still creating... [6m40s elapsed][0m[0m
TestEndToEndDeploymentScenario 2022-08-24T18:56:39Z logger.go:66: [0m[1myandex_mdb_mysql_cluster.wp_mysql: Still creating... [6m50s elapsed][0m[0m
TestEndToEndDeploymentScenario 2022-08-24T18:56:49Z logger.go:66: [0m[1myandex_mdb_mysql_cluster.wp_mysql: Still creating... [7m0s elapsed][0m[0m
TestEndToEndDeploymentScenario 2022-08-24T18:56:59Z logger.go:66: [0m[1myandex_mdb_mysql_cluster.wp_mysql: Still creating... [7m10s elapsed][0m[0m
TestEndToEndDeploymentScenario 2022-08-24T18:57:09Z logger.go:66: [0m[1myandex_mdb_mysql_cluster.wp_mysql: Still creating... [7m20s elapsed][0m[0m
TestEndToEndDeploymentScenario 2022-08-24T18:57:19Z logger.go:66: [0m[1myandex_mdb_mysql_cluster.wp_mysql: Still creating... [7m30s elapsed][0m[0m
TestEndToEndDeploymentScenario 2022-08-24T18:57:29Z logger.go:66: [0m[1myandex_mdb_mysql_cluster.wp_mysql: Still creating... [7m40s elapsed][0m[0m
TestEndToEndDeploymentScenario 2022-08-24T18:57:39Z logger.go:66: [0m[1myandex_mdb_mysql_cluster.wp_mysql: Still creating... [7m50s elapsed][0m[0m
TestEndToEndDeploymentScenario 2022-08-24T18:57:49Z logger.go:66: [0m[1myandex_mdb_mysql_cluster.wp_mysql: Still creating... [8m0s elapsed][0m[0m
TestEndToEndDeploymentScenario 2022-08-24T18:57:59Z logger.go:66: [0m[1myandex_mdb_mysql_cluster.wp_mysql: Still creating... [8m10s elapsed][0m[0m
TestEndToEndDeploymentScenario 2022-08-24T18:58:09Z logger.go:66: [0m[1myandex_mdb_mysql_cluster.wp_mysql: Still creating... [8m20s elapsed][0m[0m
TestEndToEndDeploymentScenario 2022-08-24T18:58:19Z logger.go:66: [0m[1myandex_mdb_mysql_cluster.wp_mysql: Still creating... [8m30s elapsed][0m[0m
TestEndToEndDeploymentScenario 2022-08-24T18:58:29Z logger.go:66: [0m[1myandex_mdb_mysql_cluster.wp_mysql: Still creating... [8m40s elapsed][0m[0m
TestEndToEndDeploymentScenario 2022-08-24T18:58:39Z logger.go:66: [0m[1myandex_mdb_mysql_cluster.wp_mysql: Still creating... [8m50s elapsed][0m[0m
TestEndToEndDeploymentScenario 2022-08-24T18:58:49Z logger.go:66: [0m[1myandex_mdb_mysql_cluster.wp_mysql: Still creating... [9m0s elapsed][0m[0m
TestEndToEndDeploymentScenario 2022-08-24T18:58:59Z logger.go:66: [0m[1myandex_mdb_mysql_cluster.wp_mysql: Still creating... [9m10s elapsed][0m[0m
TestEndToEndDeploymentScenario 2022-08-24T18:59:09Z logger.go:66: [0m[1myandex_mdb_mysql_cluster.wp_mysql: Still creating... [9m20s elapsed][0m[0m
TestEndToEndDeploymentScenario 2022-08-24T18:59:19Z logger.go:66: [0m[1myandex_mdb_mysql_cluster.wp_mysql: Still creating... [9m30s elapsed][0m[0m
TestEndToEndDeploymentScenario 2022-08-24T18:59:29Z logger.go:66: [0m[1myandex_mdb_mysql_cluster.wp_mysql: Still creating... [9m40s elapsed][0m[0m
TestEndToEndDeploymentScenario 2022-08-24T18:59:37Z logger.go:66: [0m[1myandex_mdb_mysql_cluster.wp_mysql: Creation complete after 9m48s [id=c9q64m2bep8ki065tjhr][0m
TestEndToEndDeploymentScenario 2022-08-24T18:59:37Z logger.go:66: [33m╷[0m[0m
TestEndToEndDeploymentScenario 2022-08-24T18:59:37Z logger.go:66: [33m│[0m [0m[1m[33mWarning: [0m[0m[1mArgument is deprecated[0m
TestEndToEndDeploymentScenario 2022-08-24T18:59:37Z logger.go:66: [33m│[0m [0m
TestEndToEndDeploymentScenario 2022-08-24T18:59:37Z logger.go:66: [33m│[0m [0m[0m  with yandex_mdb_mysql_cluster.wp_mysql,
TestEndToEndDeploymentScenario 2022-08-24T18:59:37Z logger.go:66: [33m│[0m [0m  on db.tf line 8, in resource "yandex_mdb_mysql_cluster" "wp_mysql":
TestEndToEndDeploymentScenario 2022-08-24T18:59:37Z logger.go:66: [33m│[0m [0m   8: resource "yandex_mdb_mysql_cluster" "wp_mysql" [4m{[0m[0m
TestEndToEndDeploymentScenario 2022-08-24T18:59:37Z logger.go:66: [33m│[0m [0m
TestEndToEndDeploymentScenario 2022-08-24T18:59:37Z logger.go:66: [33m│[0m [0mto manage databases, please switch to using a separate resource type
TestEndToEndDeploymentScenario 2022-08-24T18:59:37Z logger.go:66: [33m│[0m [0myandex_mdb_mysql_database
TestEndToEndDeploymentScenario 2022-08-24T18:59:37Z logger.go:66: [33m│[0m [0m
TestEndToEndDeploymentScenario 2022-08-24T18:59:37Z logger.go:66: [33m│[0m [0m(and 5 more similar warnings elsewhere)
TestEndToEndDeploymentScenario 2022-08-24T18:59:37Z logger.go:66: [33m╵[0m[0m
TestEndToEndDeploymentScenario 2022-08-24T18:59:37Z logger.go:66: [0m[1m[32m
TestEndToEndDeploymentScenario 2022-08-24T18:59:37Z logger.go:66: Apply complete! Resources: 9 added, 0 changed, 0 destroyed.
TestEndToEndDeploymentScenario 2022-08-24T18:59:37Z logger.go:66: [0m[0m[1m[32m
TestEndToEndDeploymentScenario 2022-08-24T18:59:37Z logger.go:66: Outputs:
TestEndToEndDeploymentScenario 2022-08-24T18:59:37Z logger.go:66: 
TestEndToEndDeploymentScenario 2022-08-24T18:59:37Z logger.go:66: [0mdatabase_host_fqdn = tolist([
TestEndToEndDeploymentScenario 2022-08-24T18:59:37Z logger.go:66:   "rc1b-m8l0gggvkzeqrg65.mdb.yandexcloud.net",
TestEndToEndDeploymentScenario 2022-08-24T18:59:37Z logger.go:66:   "rc1c-nbid7xx55hzsjzt7.mdb.yandexcloud.net",
TestEndToEndDeploymentScenario 2022-08-24T18:59:37Z logger.go:66: ])
TestEndToEndDeploymentScenario 2022-08-24T18:59:37Z logger.go:66: load_balancer_public_ip = "51.250.101.123"
TestEndToEndDeploymentScenario 2022-08-24T18:59:37Z logger.go:66: vm_linux_public_ip_address = "62.84.125.40"
TestEndToEndDeploymentScenario 2022-08-24T18:59:37Z test_structure.go:27: The 'SKIP_validate' environment variable is not set, so executing stage 'validate'.
Run some tests...
TestEndToEndDeploymentScenario 2022-08-24T18:59:37Z save_test_data.go:215: Loading test data from ../.test-data/TerraformOptions.json
TestEndToEndDeploymentScenario 2022-08-24T18:59:37Z retry.go:91: terraform [output -no-color -json load_balancer_public_ip]
TestEndToEndDeploymentScenario 2022-08-24T18:59:37Z logger.go:66: Running command terraform with args [output -no-color -json load_balancer_public_ip]
TestEndToEndDeploymentScenario 2022-08-24T18:59:37Z logger.go:66: "51.250.101.123"
TestEndToEndDeploymentScenario 2022-08-24T18:59:37Z retry.go:91: terraform [output -no-color -json vm_linux_public_ip_address]
TestEndToEndDeploymentScenario 2022-08-24T18:59:37Z logger.go:66: Running command terraform with args [output -no-color -json vm_linux_public_ip_address]
TestEndToEndDeploymentScenario 2022-08-24T18:59:37Z logger.go:66: "62.84.125.40"
TestEndToEndDeploymentScenario 2022-08-24T18:59:40Z test_structure.go:27: The 'SKIP_teardown' environment variable is not set, so executing stage 'teardown'.
TestEndToEndDeploymentScenario 2022-08-24T18:59:40Z save_test_data.go:215: Loading test data from ../.test-data/TerraformOptions.json
TestEndToEndDeploymentScenario 2022-08-24T18:59:40Z retry.go:91: terraform [destroy -auto-approve -input=false -var yc_folder=b1gdble3rr8et6i7tijl -lock=false]
TestEndToEndDeploymentScenario 2022-08-24T18:59:40Z logger.go:66: Running command terraform with args [destroy -auto-approve -input=false -var yc_folder=b1gdble3rr8et6i7tijl -lock=false]
TestEndToEndDeploymentScenario 2022-08-24T18:59:41Z logger.go:66: [0m[1myandex_vpc_network.wp-network: Refreshing state... [id=enp97cos5etd96116rao][0m
TestEndToEndDeploymentScenario 2022-08-24T18:59:43Z logger.go:66: [0m[1myandex_vpc_subnet.wp-subnet-b: Refreshing state... [id=e2lth376o55viujm59td][0m
TestEndToEndDeploymentScenario 2022-08-24T18:59:43Z logger.go:66: [0m[1myandex_vpc_subnet.wp-subnet-a: Refreshing state... [id=e9bnkdmmb5bhaqobmpam][0m
TestEndToEndDeploymentScenario 2022-08-24T18:59:43Z logger.go:66: [0m[1myandex_vpc_subnet.wp-subnet-c: Refreshing state... [id=b0cmppq0iuht67tnmiuo][0m
TestEndToEndDeploymentScenario 2022-08-24T18:59:43Z logger.go:66: [0m[1myandex_compute_instance.wp-app-2: Refreshing state... [id=epdsftsuo8rmf51usu4r][0m
TestEndToEndDeploymentScenario 2022-08-24T18:59:43Z logger.go:66: [0m[1myandex_mdb_mysql_cluster.wp_mysql: Refreshing state... [id=c9q64m2bep8ki065tjhr][0m
TestEndToEndDeploymentScenario 2022-08-24T18:59:43Z logger.go:66: [0m[1myandex_compute_instance.wp-app-1: Refreshing state... [id=fhmddjm0flqkckrdrbpn][0m
TestEndToEndDeploymentScenario 2022-08-24T18:59:44Z logger.go:66: [0m[1myandex_lb_target_group.wp_tg: Refreshing state... [id=enpco4h9npnl0lacu5p0][0m
TestEndToEndDeploymentScenario 2022-08-24T18:59:45Z logger.go:66: [0m[1myandex_lb_network_load_balancer.wp_lb: Refreshing state... [id=enp2rv2k8glosqpjr2ve][0m
TestEndToEndDeploymentScenario 2022-08-24T18:59:45Z logger.go:66: 
TestEndToEndDeploymentScenario 2022-08-24T18:59:45Z logger.go:66: Terraform used the selected providers to generate the following execution
TestEndToEndDeploymentScenario 2022-08-24T18:59:45Z logger.go:66: plan. Resource actions are indicated with the following symbols:
TestEndToEndDeploymentScenario 2022-08-24T18:59:45Z logger.go:66:   [31m-[0m destroy
TestEndToEndDeploymentScenario 2022-08-24T18:59:45Z logger.go:66: [0m
TestEndToEndDeploymentScenario 2022-08-24T18:59:45Z logger.go:66: Terraform will perform the following actions:
TestEndToEndDeploymentScenario 2022-08-24T18:59:45Z logger.go:66: 
TestEndToEndDeploymentScenario 2022-08-24T18:59:45Z logger.go:66: [1m  # yandex_compute_instance.wp-app-1[0m will be [1m[31mdestroyed[0m[0m
TestEndToEndDeploymentScenario 2022-08-24T18:59:45Z logger.go:66: [0m  [31m-[0m[0m resource "yandex_compute_instance" "wp-app-1" {
TestEndToEndDeploymentScenario 2022-08-24T18:59:45Z logger.go:66:       [31m-[0m [0m[1m[0mcreated_at[0m[0m                = "2022-08-24T18:49:48Z" [90m->[0m [0m[90mnull[0m[0m
TestEndToEndDeploymentScenario 2022-08-24T18:59:45Z logger.go:66:       [31m-[0m [0m[1m[0mfolder_id[0m[0m                 = "b1gdble3rr8et6i7tijl" [90m->[0m [0m[90mnull[0m[0m
TestEndToEndDeploymentScenario 2022-08-24T18:59:45Z logger.go:66:       [31m-[0m [0m[1m[0mfqdn[0m[0m                      = "fhmddjm0flqkckrdrbpn.auto.internal" [90m->[0m [0m[90mnull[0m[0m
TestEndToEndDeploymentScenario 2022-08-24T18:59:45Z logger.go:66:       [31m-[0m [0m[1m[0mid[0m[0m                        = "fhmddjm0flqkckrdrbpn" [90m->[0m [0m[90mnull[0m[0m
TestEndToEndDeploymentScenario 2022-08-24T18:59:45Z logger.go:66:       [31m-[0m [0m[1m[0mlabels[0m[0m                    = {} [90m->[0m [0m[90mnull[0m[0m
TestEndToEndDeploymentScenario 2022-08-24T18:59:45Z logger.go:66:       [31m-[0m [0m[1m[0mmetadata[0m[0m                  = {
TestEndToEndDeploymentScenario 2022-08-24T18:59:45Z logger.go:66:           [31m-[0m [0m"ssh-keys" = <<-EOT
TestEndToEndDeploymentScenario 2022-08-24T18:59:45Z logger.go:66:                 ubuntu:ssh-rsa AAAAB3NzaC1yc2EAAAADAQABAAABgQDc39+ovJDrowqxSf2JyrehPW1QCtqOItdB1s4QSSXrlKKS5VdPGgRx+gO4VTMnxJZqxeydQgnn3AJFLq5UMqi/iYkv11ySdNafQs2cItDz7e+KMF2ipgKiYcdhk13g7vbSuGR2SqDKfKUKjXPubC34V2fDagp/uzcuSOSdw3QLbjdp3gIen+zALFto2FWRGnJzFyzlVwOsEXy/qXr9ArmOUj7S8IWqtfXpiDBjljo+iNBZKfyTh5iTHMfcYEA7UANzN1TfGxH9T8BHqW4MfrLbPNOQuGKseKnn3lc3IAsbBbsUByZdAr3XoNfHP1qNbuUed/aUqtgTOMbhjgEjwOwjN7uG0Dev0IxIp3CJQdh+xnBt4m9/mmrxrpZ4F/zNhrfPRV59lD2nXqQulCCKftEbp8Q8qu4FOpddt+CZSlDnpXg8aHGfLAUcjpbDXeYoXX3/ARZbeGseGzNncw8Sl90dd3Gl67ph+u74pkcSMdjVnR9aGsU75bxqERbi1oXn4Ss= nikandrov@packer
TestEndToEndDeploymentScenario 2022-08-24T18:59:45Z logger.go:66:             EOT
TestEndToEndDeploymentScenario 2022-08-24T18:59:45Z logger.go:66:         } [90m->[0m [0m[90mnull[0m[0m
TestEndToEndDeploymentScenario 2022-08-24T18:59:45Z logger.go:66:       [31m-[0m [0m[1m[0mname[0m[0m                      = "wp-app-1" [90m->[0m [0m[90mnull[0m[0m
TestEndToEndDeploymentScenario 2022-08-24T18:59:45Z logger.go:66:       [31m-[0m [0m[1m[0mnetwork_acceleration_type[0m[0m = "standard" [90m->[0m [0m[90mnull[0m[0m
TestEndToEndDeploymentScenario 2022-08-24T18:59:45Z logger.go:66:       [31m-[0m [0m[1m[0mplatform_id[0m[0m               = "standard-v1" [90m->[0m [0m[90mnull[0m[0m
TestEndToEndDeploymentScenario 2022-08-24T18:59:45Z logger.go:66:       [31m-[0m [0m[1m[0mstatus[0m[0m                    = "running" [90m->[0m [0m[90mnull[0m[0m
TestEndToEndDeploymentScenario 2022-08-24T18:59:45Z logger.go:66:       [31m-[0m [0m[1m[0mzone[0m[0m                      = "ru-central1-a" [90m->[0m [0m[90mnull[0m[0m
TestEndToEndDeploymentScenario 2022-08-24T18:59:45Z logger.go:66: 
TestEndToEndDeploymentScenario 2022-08-24T18:59:45Z logger.go:66:       [31m-[0m [0mboot_disk {
TestEndToEndDeploymentScenario 2022-08-24T18:59:45Z logger.go:66:           [31m-[0m [0m[1m[0mauto_delete[0m[0m = true [90m->[0m [0m[90mnull[0m[0m
TestEndToEndDeploymentScenario 2022-08-24T18:59:45Z logger.go:66:           [31m-[0m [0m[1m[0mdevice_name[0m[0m = "fhml08rh58ludd9n3nk4" [90m->[0m [0m[90mnull[0m[0m
TestEndToEndDeploymentScenario 2022-08-24T18:59:45Z logger.go:66:           [31m-[0m [0m[1m[0mdisk_id[0m[0m     = "fhml08rh58ludd9n3nk4" [90m->[0m [0m[90mnull[0m[0m
TestEndToEndDeploymentScenario 2022-08-24T18:59:45Z logger.go:66:           [31m-[0m [0m[1m[0mmode[0m[0m        = "READ_WRITE" [90m->[0m [0m[90mnull[0m[0m
TestEndToEndDeploymentScenario 2022-08-24T18:59:45Z logger.go:66: 
TestEndToEndDeploymentScenario 2022-08-24T18:59:45Z logger.go:66:           [31m-[0m [0minitialize_params {
TestEndToEndDeploymentScenario 2022-08-24T18:59:45Z logger.go:66:               [31m-[0m [0m[1m[0mblock_size[0m[0m = 4096 [90m->[0m [0m[90mnull[0m[0m
TestEndToEndDeploymentScenario 2022-08-24T18:59:45Z logger.go:66:               [31m-[0m [0m[1m[0mimage_id[0m[0m   = "fd8863qv86t8m6b1qrg4" [90m->[0m [0m[90mnull[0m[0m
TestEndToEndDeploymentScenario 2022-08-24T18:59:45Z logger.go:66:               [31m-[0m [0m[1m[0msize[0m[0m       = 20 [90m->[0m [0m[90mnull[0m[0m
TestEndToEndDeploymentScenario 2022-08-24T18:59:45Z logger.go:66:               [31m-[0m [0m[1m[0mtype[0m[0m       = "network-hdd" [90m->[0m [0m[90mnull[0m[0m
TestEndToEndDeploymentScenario 2022-08-24T18:59:45Z logger.go:66:             }
TestEndToEndDeploymentScenario 2022-08-24T18:59:45Z logger.go:66:         }
TestEndToEndDeploymentScenario 2022-08-24T18:59:45Z logger.go:66: 
TestEndToEndDeploymentScenario 2022-08-24T18:59:45Z logger.go:66:       [31m-[0m [0mnetwork_interface {
TestEndToEndDeploymentScenario 2022-08-24T18:59:45Z logger.go:66:           [31m-[0m [0m[1m[0mindex[0m[0m              = 0 [90m->[0m [0m[90mnull[0m[0m
TestEndToEndDeploymentScenario 2022-08-24T18:59:45Z logger.go:66:           [31m-[0m [0m[1m[0mip_address[0m[0m         = "10.2.0.6" [90m->[0m [0m[90mnull[0m[0m
TestEndToEndDeploymentScenario 2022-08-24T18:59:45Z logger.go:66:           [31m-[0m [0m[1m[0mipv4[0m[0m               = true [90m->[0m [0m[90mnull[0m[0m
TestEndToEndDeploymentScenario 2022-08-24T18:59:45Z logger.go:66:           [31m-[0m [0m[1m[0mipv6[0m[0m               = false [90m->[0m [0m[90mnull[0m[0m
TestEndToEndDeploymentScenario 2022-08-24T18:59:45Z logger.go:66:           [31m-[0m [0m[1m[0mmac_address[0m[0m        = "d0:0d:d6:ce:c0:7d" [90m->[0m [0m[90mnull[0m[0m
TestEndToEndDeploymentScenario 2022-08-24T18:59:45Z logger.go:66:           [31m-[0m [0m[1m[0mnat[0m[0m                = true [90m->[0m [0m[90mnull[0m[0m
TestEndToEndDeploymentScenario 2022-08-24T18:59:45Z logger.go:66:           [31m-[0m [0m[1m[0mnat_ip_address[0m[0m     = "62.84.125.40" [90m->[0m [0m[90mnull[0m[0m
TestEndToEndDeploymentScenario 2022-08-24T18:59:45Z logger.go:66:           [31m-[0m [0m[1m[0mnat_ip_version[0m[0m     = "IPV4" [90m->[0m [0m[90mnull[0m[0m
TestEndToEndDeploymentScenario 2022-08-24T18:59:45Z logger.go:66:           [31m-[0m [0m[1m[0msecurity_group_ids[0m[0m = [] [90m->[0m [0m[90mnull[0m[0m
TestEndToEndDeploymentScenario 2022-08-24T18:59:45Z logger.go:66:           [31m-[0m [0m[1m[0msubnet_id[0m[0m          = "e9bnkdmmb5bhaqobmpam" [90m->[0m [0m[90mnull[0m[0m
TestEndToEndDeploymentScenario 2022-08-24T18:59:45Z logger.go:66:         }
TestEndToEndDeploymentScenario 2022-08-24T18:59:45Z logger.go:66: 
TestEndToEndDeploymentScenario 2022-08-24T18:59:45Z logger.go:66:       [31m-[0m [0mplacement_policy {
TestEndToEndDeploymentScenario 2022-08-24T18:59:45Z logger.go:66:           [31m-[0m [0m[1m[0mhost_affinity_rules[0m[0m = [] [90m->[0m [0m[90mnull[0m[0m
TestEndToEndDeploymentScenario 2022-08-24T18:59:45Z logger.go:66:         }
TestEndToEndDeploymentScenario 2022-08-24T18:59:45Z logger.go:66: 
TestEndToEndDeploymentScenario 2022-08-24T18:59:45Z logger.go:66:       [31m-[0m [0mresources {
TestEndToEndDeploymentScenario 2022-08-24T18:59:45Z logger.go:66:           [31m-[0m [0m[1m[0mcore_fraction[0m[0m = 100 [90m->[0m [0m[90mnull[0m[0m
TestEndToEndDeploymentScenario 2022-08-24T18:59:45Z logger.go:66:           [31m-[0m [0m[1m[0mcores[0m[0m         = 2 [90m->[0m [0m[90mnull[0m[0m
TestEndToEndDeploymentScenario 2022-08-24T18:59:45Z logger.go:66:           [31m-[0m [0m[1m[0mgpus[0m[0m          = 0 [90m->[0m [0m[90mnull[0m[0m
TestEndToEndDeploymentScenario 2022-08-24T18:59:45Z logger.go:66:           [31m-[0m [0m[1m[0mmemory[0m[0m        = 2 [90m->[0m [0m[90mnull[0m[0m
TestEndToEndDeploymentScenario 2022-08-24T18:59:45Z logger.go:66:         }
TestEndToEndDeploymentScenario 2022-08-24T18:59:45Z logger.go:66: 
TestEndToEndDeploymentScenario 2022-08-24T18:59:45Z logger.go:66:       [31m-[0m [0mscheduling_policy {
TestEndToEndDeploymentScenario 2022-08-24T18:59:45Z logger.go:66:           [31m-[0m [0m[1m[0mpreemptible[0m[0m = false [90m->[0m [0m[90mnull[0m[0m
TestEndToEndDeploymentScenario 2022-08-24T18:59:45Z logger.go:66:         }
TestEndToEndDeploymentScenario 2022-08-24T18:59:45Z logger.go:66:     }
TestEndToEndDeploymentScenario 2022-08-24T18:59:45Z logger.go:66: 
TestEndToEndDeploymentScenario 2022-08-24T18:59:45Z logger.go:66: [1m  # yandex_compute_instance.wp-app-2[0m will be [1m[31mdestroyed[0m[0m
TestEndToEndDeploymentScenario 2022-08-24T18:59:45Z logger.go:66: [0m  [31m-[0m[0m resource "yandex_compute_instance" "wp-app-2" {
TestEndToEndDeploymentScenario 2022-08-24T18:59:45Z logger.go:66:       [31m-[0m [0m[1m[0mcreated_at[0m[0m                = "2022-08-24T18:49:48Z" [90m->[0m [0m[90mnull[0m[0m
TestEndToEndDeploymentScenario 2022-08-24T18:59:45Z logger.go:66:       [31m-[0m [0m[1m[0mfolder_id[0m[0m                 = "b1gdble3rr8et6i7tijl" [90m->[0m [0m[90mnull[0m[0m
TestEndToEndDeploymentScenario 2022-08-24T18:59:45Z logger.go:66:       [31m-[0m [0m[1m[0mfqdn[0m[0m                      = "epdsftsuo8rmf51usu4r.auto.internal" [90m->[0m [0m[90mnull[0m[0m
TestEndToEndDeploymentScenario 2022-08-24T18:59:45Z logger.go:66:       [31m-[0m [0m[1m[0mid[0m[0m                        = "epdsftsuo8rmf51usu4r" [90m->[0m [0m[90mnull[0m[0m
TestEndToEndDeploymentScenario 2022-08-24T18:59:45Z logger.go:66:       [31m-[0m [0m[1m[0mlabels[0m[0m                    = {} [90m->[0m [0m[90mnull[0m[0m
TestEndToEndDeploymentScenario 2022-08-24T18:59:45Z logger.go:66:       [31m-[0m [0m[1m[0mmetadata[0m[0m                  = {
TestEndToEndDeploymentScenario 2022-08-24T18:59:45Z logger.go:66:           [31m-[0m [0m"ssh-keys" = <<-EOT
TestEndToEndDeploymentScenario 2022-08-24T18:59:45Z logger.go:66:                 ubuntu:ssh-rsa AAAAB3NzaC1yc2EAAAADAQABAAABgQDc39+ovJDrowqxSf2JyrehPW1QCtqOItdB1s4QSSXrlKKS5VdPGgRx+gO4VTMnxJZqxeydQgnn3AJFLq5UMqi/iYkv11ySdNafQs2cItDz7e+KMF2ipgKiYcdhk13g7vbSuGR2SqDKfKUKjXPubC34V2fDagp/uzcuSOSdw3QLbjdp3gIen+zALFto2FWRGnJzFyzlVwOsEXy/qXr9ArmOUj7S8IWqtfXpiDBjljo+iNBZKfyTh5iTHMfcYEA7UANzN1TfGxH9T8BHqW4MfrLbPNOQuGKseKnn3lc3IAsbBbsUByZdAr3XoNfHP1qNbuUed/aUqtgTOMbhjgEjwOwjN7uG0Dev0IxIp3CJQdh+xnBt4m9/mmrxrpZ4F/zNhrfPRV59lD2nXqQulCCKftEbp8Q8qu4FOpddt+CZSlDnpXg8aHGfLAUcjpbDXeYoXX3/ARZbeGseGzNncw8Sl90dd3Gl67ph+u74pkcSMdjVnR9aGsU75bxqERbi1oXn4Ss= nikandrov@packer
TestEndToEndDeploymentScenario 2022-08-24T18:59:45Z logger.go:66:             EOT
TestEndToEndDeploymentScenario 2022-08-24T18:59:45Z logger.go:66:         } [90m->[0m [0m[90mnull[0m[0m
TestEndToEndDeploymentScenario 2022-08-24T18:59:45Z logger.go:66:       [31m-[0m [0m[1m[0mname[0m[0m                      = "wp-app-2" [90m->[0m [0m[90mnull[0m[0m
TestEndToEndDeploymentScenario 2022-08-24T18:59:45Z logger.go:66:       [31m-[0m [0m[1m[0mnetwork_acceleration_type[0m[0m = "standard" [90m->[0m [0m[90mnull[0m[0m
TestEndToEndDeploymentScenario 2022-08-24T18:59:45Z logger.go:66:       [31m-[0m [0m[1m[0mplatform_id[0m[0m               = "standard-v1" [90m->[0m [0m[90mnull[0m[0m
TestEndToEndDeploymentScenario 2022-08-24T18:59:45Z logger.go:66:       [31m-[0m [0m[1m[0mstatus[0m[0m                    = "running" [90m->[0m [0m[90mnull[0m[0m
TestEndToEndDeploymentScenario 2022-08-24T18:59:45Z logger.go:66:       [31m-[0m [0m[1m[0mzone[0m[0m                      = "ru-central1-b" [90m->[0m [0m[90mnull[0m[0m
TestEndToEndDeploymentScenario 2022-08-24T18:59:45Z logger.go:66: 
TestEndToEndDeploymentScenario 2022-08-24T18:59:45Z logger.go:66:       [31m-[0m [0mboot_disk {
TestEndToEndDeploymentScenario 2022-08-24T18:59:45Z logger.go:66:           [31m-[0m [0m[1m[0mauto_delete[0m[0m = true [90m->[0m [0m[90mnull[0m[0m
TestEndToEndDeploymentScenario 2022-08-24T18:59:45Z logger.go:66:           [31m-[0m [0m[1m[0mdevice_name[0m[0m = "epdlq7gne0kbmqbh8bge" [90m->[0m [0m[90mnull[0m[0m
TestEndToEndDeploymentScenario 2022-08-24T18:59:45Z logger.go:66:           [31m-[0m [0m[1m[0mdisk_id[0m[0m     = "epdlq7gne0kbmqbh8bge" [90m->[0m [0m[90mnull[0m[0m
TestEndToEndDeploymentScenario 2022-08-24T18:59:45Z logger.go:66:           [31m-[0m [0m[1m[0mmode[0m[0m        = "READ_WRITE" [90m->[0m [0m[90mnull[0m[0m
TestEndToEndDeploymentScenario 2022-08-24T18:59:45Z logger.go:66: 
TestEndToEndDeploymentScenario 2022-08-24T18:59:45Z logger.go:66:           [31m-[0m [0minitialize_params {
TestEndToEndDeploymentScenario 2022-08-24T18:59:45Z logger.go:66:               [31m-[0m [0m[1m[0mblock_size[0m[0m = 4096 [90m->[0m [0m[90mnull[0m[0m
TestEndToEndDeploymentScenario 2022-08-24T18:59:45Z logger.go:66:               [31m-[0m [0m[1m[0mimage_id[0m[0m   = "fd8863qv86t8m6b1qrg4" [90m->[0m [0m[90mnull[0m[0m
TestEndToEndDeploymentScenario 2022-08-24T18:59:45Z logger.go:66:               [31m-[0m [0m[1m[0msize[0m[0m       = 20 [90m->[0m [0m[90mnull[0m[0m
TestEndToEndDeploymentScenario 2022-08-24T18:59:45Z logger.go:66:               [31m-[0m [0m[1m[0mtype[0m[0m       = "network-hdd" [90m->[0m [0m[90mnull[0m[0m
TestEndToEndDeploymentScenario 2022-08-24T18:59:45Z logger.go:66:             }
TestEndToEndDeploymentScenario 2022-08-24T18:59:45Z logger.go:66:         }
TestEndToEndDeploymentScenario 2022-08-24T18:59:45Z logger.go:66: 
TestEndToEndDeploymentScenario 2022-08-24T18:59:45Z logger.go:66:       [31m-[0m [0mnetwork_interface {
TestEndToEndDeploymentScenario 2022-08-24T18:59:45Z logger.go:66:           [31m-[0m [0m[1m[0mindex[0m[0m              = 0 [90m->[0m [0m[90mnull[0m[0m
TestEndToEndDeploymentScenario 2022-08-24T18:59:45Z logger.go:66:           [31m-[0m [0m[1m[0mip_address[0m[0m         = "10.3.0.15" [90m->[0m [0m[90mnull[0m[0m
TestEndToEndDeploymentScenario 2022-08-24T18:59:45Z logger.go:66:           [31m-[0m [0m[1m[0mipv4[0m[0m               = true [90m->[0m [0m[90mnull[0m[0m
TestEndToEndDeploymentScenario 2022-08-24T18:59:45Z logger.go:66:           [31m-[0m [0m[1m[0mipv6[0m[0m               = false [90m->[0m [0m[90mnull[0m[0m
TestEndToEndDeploymentScenario 2022-08-24T18:59:45Z logger.go:66:           [31m-[0m [0m[1m[0mmac_address[0m[0m        = "d0:0d:1c:7f:79:ec" [90m->[0m [0m[90mnull[0m[0m
TestEndToEndDeploymentScenario 2022-08-24T18:59:45Z logger.go:66:           [31m-[0m [0m[1m[0mnat[0m[0m                = true [90m->[0m [0m[90mnull[0m[0m
TestEndToEndDeploymentScenario 2022-08-24T18:59:45Z logger.go:66:           [31m-[0m [0m[1m[0mnat_ip_address[0m[0m     = "84.252.141.136" [90m->[0m [0m[90mnull[0m[0m
TestEndToEndDeploymentScenario 2022-08-24T18:59:45Z logger.go:66:           [31m-[0m [0m[1m[0mnat_ip_version[0m[0m     = "IPV4" [90m->[0m [0m[90mnull[0m[0m
TestEndToEndDeploymentScenario 2022-08-24T18:59:45Z logger.go:66:           [31m-[0m [0m[1m[0msecurity_group_ids[0m[0m = [] [90m->[0m [0m[90mnull[0m[0m
TestEndToEndDeploymentScenario 2022-08-24T18:59:45Z logger.go:66:           [31m-[0m [0m[1m[0msubnet_id[0m[0m          = "e2lth376o55viujm59td" [90m->[0m [0m[90mnull[0m[0m
TestEndToEndDeploymentScenario 2022-08-24T18:59:45Z logger.go:66:         }
TestEndToEndDeploymentScenario 2022-08-24T18:59:45Z logger.go:66: 
TestEndToEndDeploymentScenario 2022-08-24T18:59:45Z logger.go:66:       [31m-[0m [0mplacement_policy {
TestEndToEndDeploymentScenario 2022-08-24T18:59:45Z logger.go:66:           [31m-[0m [0m[1m[0mhost_affinity_rules[0m[0m = [] [90m->[0m [0m[90mnull[0m[0m
TestEndToEndDeploymentScenario 2022-08-24T18:59:45Z logger.go:66:         }
TestEndToEndDeploymentScenario 2022-08-24T18:59:45Z logger.go:66: 
TestEndToEndDeploymentScenario 2022-08-24T18:59:45Z logger.go:66:       [31m-[0m [0mresources {
TestEndToEndDeploymentScenario 2022-08-24T18:59:45Z logger.go:66:           [31m-[0m [0m[1m[0mcore_fraction[0m[0m = 100 [90m->[0m [0m[90mnull[0m[0m
TestEndToEndDeploymentScenario 2022-08-24T18:59:45Z logger.go:66:           [31m-[0m [0m[1m[0mcores[0m[0m         = 2 [90m->[0m [0m[90mnull[0m[0m
TestEndToEndDeploymentScenario 2022-08-24T18:59:45Z logger.go:66:           [31m-[0m [0m[1m[0mgpus[0m[0m          = 0 [90m->[0m [0m[90mnull[0m[0m
TestEndToEndDeploymentScenario 2022-08-24T18:59:45Z logger.go:66:           [31m-[0m [0m[1m[0mmemory[0m[0m        = 2 [90m->[0m [0m[90mnull[0m[0m
TestEndToEndDeploymentScenario 2022-08-24T18:59:45Z logger.go:66:         }
TestEndToEndDeploymentScenario 2022-08-24T18:59:45Z logger.go:66: 
TestEndToEndDeploymentScenario 2022-08-24T18:59:45Z logger.go:66:       [31m-[0m [0mscheduling_policy {
TestEndToEndDeploymentScenario 2022-08-24T18:59:45Z logger.go:66:           [31m-[0m [0m[1m[0mpreemptible[0m[0m = false [90m->[0m [0m[90mnull[0m[0m
TestEndToEndDeploymentScenario 2022-08-24T18:59:45Z logger.go:66:         }
TestEndToEndDeploymentScenario 2022-08-24T18:59:45Z logger.go:66:     }
TestEndToEndDeploymentScenario 2022-08-24T18:59:45Z logger.go:66: 
TestEndToEndDeploymentScenario 2022-08-24T18:59:45Z logger.go:66: [1m  # yandex_lb_network_load_balancer.wp_lb[0m will be [1m[31mdestroyed[0m[0m
TestEndToEndDeploymentScenario 2022-08-24T18:59:45Z logger.go:66: [0m  [31m-[0m[0m resource "yandex_lb_network_load_balancer" "wp_lb" {
TestEndToEndDeploymentScenario 2022-08-24T18:59:45Z logger.go:66:       [31m-[0m [0m[1m[0mcreated_at[0m[0m = "2022-08-24T18:50:37Z" [90m->[0m [0m[90mnull[0m[0m
TestEndToEndDeploymentScenario 2022-08-24T18:59:45Z logger.go:66:       [31m-[0m [0m[1m[0mfolder_id[0m[0m  = "b1gdble3rr8et6i7tijl" [90m->[0m [0m[90mnull[0m[0m
TestEndToEndDeploymentScenario 2022-08-24T18:59:45Z logger.go:66:       [31m-[0m [0m[1m[0mid[0m[0m         = "enp2rv2k8glosqpjr2ve" [90m->[0m [0m[90mnull[0m[0m
TestEndToEndDeploymentScenario 2022-08-24T18:59:45Z logger.go:66:       [31m-[0m [0m[1m[0mlabels[0m[0m     = {} [90m->[0m [0m[90mnull[0m[0m
TestEndToEndDeploymentScenario 2022-08-24T18:59:45Z logger.go:66:       [31m-[0m [0m[1m[0mname[0m[0m       = "wp-network-load-balancer" [90m->[0m [0m[90mnull[0m[0m
TestEndToEndDeploymentScenario 2022-08-24T18:59:45Z logger.go:66:       [31m-[0m [0m[1m[0mregion_id[0m[0m  = "ru-central1" [90m->[0m [0m[90mnull[0m[0m
TestEndToEndDeploymentScenario 2022-08-24T18:59:45Z logger.go:66:       [31m-[0m [0m[1m[0mtype[0m[0m       = "external" [90m->[0m [0m[90mnull[0m[0m
TestEndToEndDeploymentScenario 2022-08-24T18:59:45Z logger.go:66: 
TestEndToEndDeploymentScenario 2022-08-24T18:59:45Z logger.go:66:       [31m-[0m [0mattached_target_group {
TestEndToEndDeploymentScenario 2022-08-24T18:59:45Z logger.go:66:           [31m-[0m [0m[1m[0mtarget_group_id[0m[0m = "enpco4h9npnl0lacu5p0" [90m->[0m [0m[90mnull[0m[0m
TestEndToEndDeploymentScenario 2022-08-24T18:59:45Z logger.go:66: 
TestEndToEndDeploymentScenario 2022-08-24T18:59:45Z logger.go:66:           [31m-[0m [0mhealthcheck {
TestEndToEndDeploymentScenario 2022-08-24T18:59:45Z logger.go:66:               [31m-[0m [0m[1m[0mhealthy_threshold[0m[0m   = 2 [90m->[0m [0m[90mnull[0m[0m
TestEndToEndDeploymentScenario 2022-08-24T18:59:45Z logger.go:66:               [31m-[0m [0m[1m[0minterval[0m[0m            = 2 [90m->[0m [0m[90mnull[0m[0m
TestEndToEndDeploymentScenario 2022-08-24T18:59:45Z logger.go:66:               [31m-[0m [0m[1m[0mname[0m[0m                = "http" [90m->[0m [0m[90mnull[0m[0m
TestEndToEndDeploymentScenario 2022-08-24T18:59:45Z logger.go:66:               [31m-[0m [0m[1m[0mtimeout[0m[0m             = 1 [90m->[0m [0m[90mnull[0m[0m
TestEndToEndDeploymentScenario 2022-08-24T18:59:45Z logger.go:66:               [31m-[0m [0m[1m[0munhealthy_threshold[0m[0m = 2 [90m->[0m [0m[90mnull[0m[0m
TestEndToEndDeploymentScenario 2022-08-24T18:59:45Z logger.go:66: 
TestEndToEndDeploymentScenario 2022-08-24T18:59:45Z logger.go:66:               [31m-[0m [0mhttp_options {
TestEndToEndDeploymentScenario 2022-08-24T18:59:45Z logger.go:66:                   [31m-[0m [0m[1m[0mpath[0m[0m = "/health" [90m->[0m [0m[90mnull[0m[0m
TestEndToEndDeploymentScenario 2022-08-24T18:59:45Z logger.go:66:                   [31m-[0m [0m[1m[0mport[0m[0m = 80 [90m->[0m [0m[90mnull[0m[0m
TestEndToEndDeploymentScenario 2022-08-24T18:59:45Z logger.go:66:                 }
TestEndToEndDeploymentScenario 2022-08-24T18:59:45Z logger.go:66:             }
TestEndToEndDeploymentScenario 2022-08-24T18:59:45Z logger.go:66:         }
TestEndToEndDeploymentScenario 2022-08-24T18:59:45Z logger.go:66: 
TestEndToEndDeploymentScenario 2022-08-24T18:59:45Z logger.go:66:       [31m-[0m [0mlistener {
TestEndToEndDeploymentScenario 2022-08-24T18:59:45Z logger.go:66:           [31m-[0m [0m[1m[0mname[0m[0m        = "wp-listener" [90m->[0m [0m[90mnull[0m[0m
TestEndToEndDeploymentScenario 2022-08-24T18:59:45Z logger.go:66:           [31m-[0m [0m[1m[0mport[0m[0m        = 80 [90m->[0m [0m[90mnull[0m[0m
TestEndToEndDeploymentScenario 2022-08-24T18:59:45Z logger.go:66:           [31m-[0m [0m[1m[0mprotocol[0m[0m    = "tcp" [90m->[0m [0m[90mnull[0m[0m
TestEndToEndDeploymentScenario 2022-08-24T18:59:45Z logger.go:66:           [31m-[0m [0m[1m[0mtarget_port[0m[0m = 80 [90m->[0m [0m[90mnull[0m[0m
TestEndToEndDeploymentScenario 2022-08-24T18:59:45Z logger.go:66: 
TestEndToEndDeploymentScenario 2022-08-24T18:59:45Z logger.go:66:           [31m-[0m [0mexternal_address_spec {
TestEndToEndDeploymentScenario 2022-08-24T18:59:45Z logger.go:66:               [31m-[0m [0m[1m[0maddress[0m[0m    = "51.250.101.123" [90m->[0m [0m[90mnull[0m[0m
TestEndToEndDeploymentScenario 2022-08-24T18:59:45Z logger.go:66:               [31m-[0m [0m[1m[0mip_version[0m[0m = "ipv4" [90m->[0m [0m[90mnull[0m[0m
TestEndToEndDeploymentScenario 2022-08-24T18:59:45Z logger.go:66:             }
TestEndToEndDeploymentScenario 2022-08-24T18:59:45Z logger.go:66:         }
TestEndToEndDeploymentScenario 2022-08-24T18:59:45Z logger.go:66:     }
TestEndToEndDeploymentScenario 2022-08-24T18:59:45Z logger.go:66: 
TestEndToEndDeploymentScenario 2022-08-24T18:59:45Z logger.go:66: [1m  # yandex_lb_target_group.wp_tg[0m will be [1m[31mdestroyed[0m[0m
TestEndToEndDeploymentScenario 2022-08-24T18:59:45Z logger.go:66: [0m  [31m-[0m[0m resource "yandex_lb_target_group" "wp_tg" {
TestEndToEndDeploymentScenario 2022-08-24T18:59:45Z logger.go:66:       [31m-[0m [0m[1m[0mcreated_at[0m[0m = "2022-08-24T18:50:35Z" [90m->[0m [0m[90mnull[0m[0m
TestEndToEndDeploymentScenario 2022-08-24T18:59:45Z logger.go:66:       [31m-[0m [0m[1m[0mfolder_id[0m[0m  = "b1gdble3rr8et6i7tijl" [90m->[0m [0m[90mnull[0m[0m
TestEndToEndDeploymentScenario 2022-08-24T18:59:45Z logger.go:66:       [31m-[0m [0m[1m[0mid[0m[0m         = "enpco4h9npnl0lacu5p0" [90m->[0m [0m[90mnull[0m[0m
TestEndToEndDeploymentScenario 2022-08-24T18:59:45Z logger.go:66:       [31m-[0m [0m[1m[0mlabels[0m[0m     = {} [90m->[0m [0m[90mnull[0m[0m
TestEndToEndDeploymentScenario 2022-08-24T18:59:45Z logger.go:66:       [31m-[0m [0m[1m[0mname[0m[0m       = "wp-target-group" [90m->[0m [0m[90mnull[0m[0m
TestEndToEndDeploymentScenario 2022-08-24T18:59:45Z logger.go:66:       [31m-[0m [0m[1m[0mregion_id[0m[0m  = "ru-central1" [90m->[0m [0m[90mnull[0m[0m
TestEndToEndDeploymentScenario 2022-08-24T18:59:45Z logger.go:66: 
TestEndToEndDeploymentScenario 2022-08-24T18:59:45Z logger.go:66:       [31m-[0m [0mtarget {
TestEndToEndDeploymentScenario 2022-08-24T18:59:45Z logger.go:66:           [31m-[0m [0m[1m[0maddress[0m[0m   = "10.2.0.6" [90m->[0m [0m[90mnull[0m[0m
TestEndToEndDeploymentScenario 2022-08-24T18:59:45Z logger.go:66:           [31m-[0m [0m[1m[0msubnet_id[0m[0m = "e9bnkdmmb5bhaqobmpam" [90m->[0m [0m[90mnull[0m[0m
TestEndToEndDeploymentScenario 2022-08-24T18:59:45Z logger.go:66:         }
TestEndToEndDeploymentScenario 2022-08-24T18:59:45Z logger.go:66:       [31m-[0m [0mtarget {
TestEndToEndDeploymentScenario 2022-08-24T18:59:45Z logger.go:66:           [31m-[0m [0m[1m[0maddress[0m[0m   = "10.3.0.15" [90m->[0m [0m[90mnull[0m[0m
TestEndToEndDeploymentScenario 2022-08-24T18:59:45Z logger.go:66:           [31m-[0m [0m[1m[0msubnet_id[0m[0m = "e2lth376o55viujm59td" [90m->[0m [0m[90mnull[0m[0m
TestEndToEndDeploymentScenario 2022-08-24T18:59:45Z logger.go:66:         }
TestEndToEndDeploymentScenario 2022-08-24T18:59:45Z logger.go:66:     }
TestEndToEndDeploymentScenario 2022-08-24T18:59:45Z logger.go:66: 
TestEndToEndDeploymentScenario 2022-08-24T18:59:45Z logger.go:66: [1m  # yandex_mdb_mysql_cluster.wp_mysql[0m will be [1m[31mdestroyed[0m[0m
TestEndToEndDeploymentScenario 2022-08-24T18:59:45Z logger.go:66: [0m  [31m-[0m[0m resource "yandex_mdb_mysql_cluster" "wp_mysql" {
TestEndToEndDeploymentScenario 2022-08-24T18:59:45Z logger.go:66:       [31m-[0m [0m[1m[0mallow_regeneration_host[0m[0m = false [90m->[0m [0m[90mnull[0m[0m
TestEndToEndDeploymentScenario 2022-08-24T18:59:45Z logger.go:66:       [31m-[0m [0m[1m[0mcreated_at[0m[0m              = "2022-08-24T18:49:49Z" [90m->[0m [0m[90mnull[0m[0m
TestEndToEndDeploymentScenario 2022-08-24T18:59:45Z logger.go:66:       [31m-[0m [0m[1m[0mdeletion_protection[0m[0m     = false [90m->[0m [0m[90mnull[0m[0m
TestEndToEndDeploymentScenario 2022-08-24T18:59:45Z logger.go:66:       [31m-[0m [0m[1m[0menvironment[0m[0m             = "PRODUCTION" [90m->[0m [0m[90mnull[0m[0m
TestEndToEndDeploymentScenario 2022-08-24T18:59:45Z logger.go:66:       [31m-[0m [0m[1m[0mfolder_id[0m[0m               = "b1gdble3rr8et6i7tijl" [90m->[0m [0m[90mnull[0m[0m
TestEndToEndDeploymentScenario 2022-08-24T18:59:45Z logger.go:66:       [31m-[0m [0m[1m[0mhealth[0m[0m                  = "HEALTH_UNKNOWN" [90m->[0m [0m[90mnull[0m[0m
TestEndToEndDeploymentScenario 2022-08-24T18:59:45Z logger.go:66:       [31m-[0m [0m[1m[0mhost_group_ids[0m[0m          = [] [90m->[0m [0m[90mnull[0m[0m
TestEndToEndDeploymentScenario 2022-08-24T18:59:45Z logger.go:66:       [31m-[0m [0m[1m[0mid[0m[0m                      = "c9q64m2bep8ki065tjhr" [90m->[0m [0m[90mnull[0m[0m
TestEndToEndDeploymentScenario 2022-08-24T18:59:45Z logger.go:66:       [31m-[0m [0m[1m[0mlabels[0m[0m                  = {} [90m->[0m [0m[90mnull[0m[0m
TestEndToEndDeploymentScenario 2022-08-24T18:59:45Z logger.go:66:       [31m-[0m [0m[1m[0mmysql_config[0m[0m            = {
TestEndToEndDeploymentScenario 2022-08-24T18:59:45Z logger.go:66:           [31m-[0m [0m"binlog_transaction_dependency_tracking" = "0"
TestEndToEndDeploymentScenario 2022-08-24T18:59:45Z logger.go:66:           [31m-[0m [0m"log_slow_rate_type"                     = "0"
TestEndToEndDeploymentScenario 2022-08-24T18:59:45Z logger.go:66:           [31m-[0m [0m"sql_mode"                               = "ONLY_FULL_GROUP_BY,STRICT_TRANS_TABLES,NO_ZERO_IN_DATE,NO_ZERO_DATE,ERROR_FOR_DIVISION_BY_ZERO,NO_ENGINE_SUBSTITUTION"
TestEndToEndDeploymentScenario 2022-08-24T18:59:45Z logger.go:66:         } [90m->[0m [0m[90mnull[0m[0m
TestEndToEndDeploymentScenario 2022-08-24T18:59:45Z logger.go:66:       [31m-[0m [0m[1m[0mname[0m[0m                    = "wp-mysql" [90m->[0m [0m[90mnull[0m[0m
TestEndToEndDeploymentScenario 2022-08-24T18:59:45Z logger.go:66:       [31m-[0m [0m[1m[0mnetwork_id[0m[0m              = "enp97cos5etd96116rao" [90m->[0m [0m[90mnull[0m[0m
TestEndToEndDeploymentScenario 2022-08-24T18:59:45Z logger.go:66:       [31m-[0m [0m[1m[0msecurity_group_ids[0m[0m      = [] [90m->[0m [0m[90mnull[0m[0m
TestEndToEndDeploymentScenario 2022-08-24T18:59:45Z logger.go:66:       [31m-[0m [0m[1m[0mstatus[0m[0m                  = "RUNNING" [90m->[0m [0m[90mnull[0m[0m
TestEndToEndDeploymentScenario 2022-08-24T18:59:45Z logger.go:66:       [31m-[0m [0m[1m[0mversion[0m[0m                 = "8.0" [90m->[0m [0m[90mnull[0m[0m
TestEndToEndDeploymentScenario 2022-08-24T18:59:45Z logger.go:66: 
TestEndToEndDeploymentScenario 2022-08-24T18:59:45Z logger.go:66:       [31m-[0m [0maccess {
TestEndToEndDeploymentScenario 2022-08-24T18:59:45Z logger.go:66:           [31m-[0m [0m[1m[0mdata_lens[0m[0m = false [90m->[0m [0m[90mnull[0m[0m
TestEndToEndDeploymentScenario 2022-08-24T18:59:45Z logger.go:66:           [31m-[0m [0m[1m[0mweb_sql[0m[0m   = false [90m->[0m [0m[90mnull[0m[0m
TestEndToEndDeploymentScenario 2022-08-24T18:59:45Z logger.go:66:         }
TestEndToEndDeploymentScenario 2022-08-24T18:59:45Z logger.go:66: 
TestEndToEndDeploymentScenario 2022-08-24T18:59:45Z logger.go:66:       [31m-[0m [0mbackup_window_start {
TestEndToEndDeploymentScenario 2022-08-24T18:59:45Z logger.go:66:           [31m-[0m [0m[1m[0mhours[0m[0m   = 0 [90m->[0m [0m[90mnull[0m[0m
TestEndToEndDeploymentScenario 2022-08-24T18:59:45Z logger.go:66:           [31m-[0m [0m[1m[0mminutes[0m[0m = 0 [90m->[0m [0m[90mnull[0m[0m
TestEndToEndDeploymentScenario 2022-08-24T18:59:45Z logger.go:66:         }
TestEndToEndDeploymentScenario 2022-08-24T18:59:45Z logger.go:66: 
TestEndToEndDeploymentScenario 2022-08-24T18:59:45Z logger.go:66:       [31m-[0m [0mdatabase {
TestEndToEndDeploymentScenario 2022-08-24T18:59:45Z logger.go:66:           [31m-[0m [0m[1m[0mname[0m[0m = "db" [90m->[0m [0m[90mnull[0m[0m
TestEndToEndDeploymentScenario 2022-08-24T18:59:45Z logger.go:66:         }
TestEndToEndDeploymentScenario 2022-08-24T18:59:45Z logger.go:66: 
TestEndToEndDeploymentScenario 2022-08-24T18:59:45Z logger.go:66:       [31m-[0m [0mhost {
TestEndToEndDeploymentScenario 2022-08-24T18:59:45Z logger.go:66:           [31m-[0m [0m[1m[0massign_public_ip[0m[0m = true [90m->[0m [0m[90mnull[0m[0m
TestEndToEndDeploymentScenario 2022-08-24T18:59:45Z logger.go:66:           [31m-[0m [0m[1m[0mbackup_priority[0m[0m  = 0 [90m->[0m [0m[90mnull[0m[0m
TestEndToEndDeploymentScenario 2022-08-24T18:59:45Z logger.go:66:           [31m-[0m [0m[1m[0mfqdn[0m[0m             = "rc1b-m8l0gggvkzeqrg65.mdb.yandexcloud.net" [90m->[0m [0m[90mnull[0m[0m
TestEndToEndDeploymentScenario 2022-08-24T18:59:45Z logger.go:66:           [31m-[0m [0m[1m[0mpriority[0m[0m         = 0 [90m->[0m [0m[90mnull[0m[0m
TestEndToEndDeploymentScenario 2022-08-24T18:59:45Z logger.go:66:           [31m-[0m [0m[1m[0msubnet_id[0m[0m        = "e2lth376o55viujm59td" [90m->[0m [0m[90mnull[0m[0m
TestEndToEndDeploymentScenario 2022-08-24T18:59:45Z logger.go:66:           [31m-[0m [0m[1m[0mzone[0m[0m             = "ru-central1-b" [90m->[0m [0m[90mnull[0m[0m
TestEndToEndDeploymentScenario 2022-08-24T18:59:45Z logger.go:66:         }
TestEndToEndDeploymentScenario 2022-08-24T18:59:45Z logger.go:66:       [31m-[0m [0mhost {
TestEndToEndDeploymentScenario 2022-08-24T18:59:45Z logger.go:66:           [31m-[0m [0m[1m[0massign_public_ip[0m[0m = true [90m->[0m [0m[90mnull[0m[0m
TestEndToEndDeploymentScenario 2022-08-24T18:59:45Z logger.go:66:           [31m-[0m [0m[1m[0mbackup_priority[0m[0m  = 0 [90m->[0m [0m[90mnull[0m[0m
TestEndToEndDeploymentScenario 2022-08-24T18:59:45Z logger.go:66:           [31m-[0m [0m[1m[0mfqdn[0m[0m             = "rc1c-nbid7xx55hzsjzt7.mdb.yandexcloud.net" [90m->[0m [0m[90mnull[0m[0m
TestEndToEndDeploymentScenario 2022-08-24T18:59:45Z logger.go:66:           [31m-[0m [0m[1m[0mpriority[0m[0m         = 0 [90m->[0m [0m[90mnull[0m[0m
TestEndToEndDeploymentScenario 2022-08-24T18:59:45Z logger.go:66:           [31m-[0m [0m[1m[0msubnet_id[0m[0m        = "b0cmppq0iuht67tnmiuo" [90m->[0m [0m[90mnull[0m[0m
TestEndToEndDeploymentScenario 2022-08-24T18:59:45Z logger.go:66:           [31m-[0m [0m[1m[0mzone[0m[0m             = "ru-central1-c" [90m->[0m [0m[90mnull[0m[0m
TestEndToEndDeploymentScenario 2022-08-24T18:59:45Z logger.go:66:         }
TestEndToEndDeploymentScenario 2022-08-24T18:59:45Z logger.go:66: 
TestEndToEndDeploymentScenario 2022-08-24T18:59:45Z logger.go:66:       [31m-[0m [0mmaintenance_window {
TestEndToEndDeploymentScenario 2022-08-24T18:59:45Z logger.go:66:           [31m-[0m [0m[1m[0mhour[0m[0m = 0 [90m->[0m [0m[90mnull[0m[0m
TestEndToEndDeploymentScenario 2022-08-24T18:59:45Z logger.go:66:           [31m-[0m [0m[1m[0mtype[0m[0m = "ANYTIME" [90m->[0m [0m[90mnull[0m[0m
TestEndToEndDeploymentScenario 2022-08-24T18:59:45Z logger.go:66:         }
TestEndToEndDeploymentScenario 2022-08-24T18:59:45Z logger.go:66: 
TestEndToEndDeploymentScenario 2022-08-24T18:59:45Z logger.go:66:       [31m-[0m [0mperformance_diagnostics {
TestEndToEndDeploymentScenario 2022-08-24T18:59:45Z logger.go:66:           [31m-[0m [0m[1m[0menabled[0m[0m                      = false [90m->[0m [0m[90mnull[0m[0m
TestEndToEndDeploymentScenario 2022-08-24T18:59:45Z logger.go:66:           [31m-[0m [0m[1m[0msessions_sampling_interval[0m[0m   = 60 [90m->[0m [0m[90mnull[0m[0m
TestEndToEndDeploymentScenario 2022-08-24T18:59:45Z logger.go:66:           [31m-[0m [0m[1m[0mstatements_sampling_interval[0m[0m = 600 [90m->[0m [0m[90mnull[0m[0m
TestEndToEndDeploymentScenario 2022-08-24T18:59:45Z logger.go:66:         }
TestEndToEndDeploymentScenario 2022-08-24T18:59:45Z logger.go:66: 
TestEndToEndDeploymentScenario 2022-08-24T18:59:45Z logger.go:66:       [31m-[0m [0mresources {
TestEndToEndDeploymentScenario 2022-08-24T18:59:45Z logger.go:66:           [31m-[0m [0m[1m[0mdisk_size[0m[0m          = 16 [90m->[0m [0m[90mnull[0m[0m
TestEndToEndDeploymentScenario 2022-08-24T18:59:45Z logger.go:66:           [31m-[0m [0m[1m[0mdisk_type_id[0m[0m       = "network-ssd" [90m->[0m [0m[90mnull[0m[0m
TestEndToEndDeploymentScenario 2022-08-24T18:59:45Z logger.go:66:           [31m-[0m [0m[1m[0mresource_preset_id[0m[0m = "s2.micro" [90m->[0m [0m[90mnull[0m[0m
TestEndToEndDeploymentScenario 2022-08-24T18:59:45Z logger.go:66:         }
TestEndToEndDeploymentScenario 2022-08-24T18:59:45Z logger.go:66: 
TestEndToEndDeploymentScenario 2022-08-24T18:59:45Z logger.go:66:       [31m-[0m [0muser {
TestEndToEndDeploymentScenario 2022-08-24T18:59:45Z logger.go:66:           [31m-[0m [0m[1m[0mauthentication_plugin[0m[0m = "MYSQL_NATIVE_PASSWORD" [90m->[0m [0m[90mnull[0m[0m
TestEndToEndDeploymentScenario 2022-08-24T18:59:45Z logger.go:66:           [31m-[0m [0m[1m[0mglobal_permissions[0m[0m    = [] [90m->[0m [0m[90mnull[0m[0m
TestEndToEndDeploymentScenario 2022-08-24T18:59:45Z logger.go:66:           [31m-[0m [0m[1m[0mname[0m[0m                  = "user" [90m->[0m [0m[90mnull[0m[0m
TestEndToEndDeploymentScenario 2022-08-24T18:59:45Z logger.go:66:           [31m-[0m [0m[1m[0mpassword[0m[0m              = (sensitive value)
TestEndToEndDeploymentScenario 2022-08-24T18:59:45Z logger.go:66: 
TestEndToEndDeploymentScenario 2022-08-24T18:59:45Z logger.go:66:           [31m-[0m [0mpermission {
TestEndToEndDeploymentScenario 2022-08-24T18:59:45Z logger.go:66:               [31m-[0m [0m[1m[0mdatabase_name[0m[0m = "db" [90m->[0m [0m[90mnull[0m[0m
TestEndToEndDeploymentScenario 2022-08-24T18:59:45Z logger.go:66:               [31m-[0m [0m[1m[0mroles[0m[0m         = [
TestEndToEndDeploymentScenario 2022-08-24T18:59:45Z logger.go:66:                   [31m-[0m [0m"ALL",
TestEndToEndDeploymentScenario 2022-08-24T18:59:45Z logger.go:66:                 ] [90m->[0m [0m[90mnull[0m[0m
TestEndToEndDeploymentScenario 2022-08-24T18:59:45Z logger.go:66:             }
TestEndToEndDeploymentScenario 2022-08-24T18:59:45Z logger.go:66:         }
TestEndToEndDeploymentScenario 2022-08-24T18:59:45Z logger.go:66:     }
TestEndToEndDeploymentScenario 2022-08-24T18:59:45Z logger.go:66: 
TestEndToEndDeploymentScenario 2022-08-24T18:59:45Z logger.go:66: [1m  # yandex_vpc_network.wp-network[0m will be [1m[31mdestroyed[0m[0m
TestEndToEndDeploymentScenario 2022-08-24T18:59:45Z logger.go:66: [0m  [31m-[0m[0m resource "yandex_vpc_network" "wp-network" {
TestEndToEndDeploymentScenario 2022-08-24T18:59:45Z logger.go:66:       [31m-[0m [0m[1m[0mcreated_at[0m[0m = "2022-08-24T18:49:45Z" [90m->[0m [0m[90mnull[0m[0m
TestEndToEndDeploymentScenario 2022-08-24T18:59:45Z logger.go:66:       [31m-[0m [0m[1m[0mfolder_id[0m[0m  = "b1gdble3rr8et6i7tijl" [90m->[0m [0m[90mnull[0m[0m
TestEndToEndDeploymentScenario 2022-08-24T18:59:45Z logger.go:66:       [31m-[0m [0m[1m[0mid[0m[0m         = "enp97cos5etd96116rao" [90m->[0m [0m[90mnull[0m[0m
TestEndToEndDeploymentScenario 2022-08-24T18:59:45Z logger.go:66:       [31m-[0m [0m[1m[0mlabels[0m[0m     = {} [90m->[0m [0m[90mnull[0m[0m
TestEndToEndDeploymentScenario 2022-08-24T18:59:45Z logger.go:66:       [31m-[0m [0m[1m[0mname[0m[0m       = "wp-network" [90m->[0m [0m[90mnull[0m[0m
TestEndToEndDeploymentScenario 2022-08-24T18:59:45Z logger.go:66:       [31m-[0m [0m[1m[0msubnet_ids[0m[0m = [
TestEndToEndDeploymentScenario 2022-08-24T18:59:45Z logger.go:66:           [31m-[0m [0m"b0cmppq0iuht67tnmiuo",
TestEndToEndDeploymentScenario 2022-08-24T18:59:45Z logger.go:66:           [31m-[0m [0m"e2lth376o55viujm59td",
TestEndToEndDeploymentScenario 2022-08-24T18:59:45Z logger.go:66:           [31m-[0m [0m"e9bnkdmmb5bhaqobmpam",
TestEndToEndDeploymentScenario 2022-08-24T18:59:45Z logger.go:66:         ] [90m->[0m [0m[90mnull[0m[0m
TestEndToEndDeploymentScenario 2022-08-24T18:59:45Z logger.go:66:     }
TestEndToEndDeploymentScenario 2022-08-24T18:59:45Z logger.go:66: 
TestEndToEndDeploymentScenario 2022-08-24T18:59:45Z logger.go:66: [1m  # yandex_vpc_subnet.wp-subnet-a[0m will be [1m[31mdestroyed[0m[0m
TestEndToEndDeploymentScenario 2022-08-24T18:59:45Z logger.go:66: [0m  [31m-[0m[0m resource "yandex_vpc_subnet" "wp-subnet-a" {
TestEndToEndDeploymentScenario 2022-08-24T18:59:45Z logger.go:66:       [31m-[0m [0m[1m[0mcreated_at[0m[0m     = "2022-08-24T18:49:47Z" [90m->[0m [0m[90mnull[0m[0m
TestEndToEndDeploymentScenario 2022-08-24T18:59:45Z logger.go:66:       [31m-[0m [0m[1m[0mfolder_id[0m[0m      = "b1gdble3rr8et6i7tijl" [90m->[0m [0m[90mnull[0m[0m
TestEndToEndDeploymentScenario 2022-08-24T18:59:45Z logger.go:66:       [31m-[0m [0m[1m[0mid[0m[0m             = "e9bnkdmmb5bhaqobmpam" [90m->[0m [0m[90mnull[0m[0m
TestEndToEndDeploymentScenario 2022-08-24T18:59:45Z logger.go:66:       [31m-[0m [0m[1m[0mlabels[0m[0m         = {} [90m->[0m [0m[90mnull[0m[0m
TestEndToEndDeploymentScenario 2022-08-24T18:59:45Z logger.go:66:       [31m-[0m [0m[1m[0mname[0m[0m           = "wp-subnet-a" [90m->[0m [0m[90mnull[0m[0m
TestEndToEndDeploymentScenario 2022-08-24T18:59:45Z logger.go:66:       [31m-[0m [0m[1m[0mnetwork_id[0m[0m     = "enp97cos5etd96116rao" [90m->[0m [0m[90mnull[0m[0m
TestEndToEndDeploymentScenario 2022-08-24T18:59:45Z logger.go:66:       [31m-[0m [0m[1m[0mv4_cidr_blocks[0m[0m = [
TestEndToEndDeploymentScenario 2022-08-24T18:59:45Z logger.go:66:           [31m-[0m [0m"10.2.0.0/16",
TestEndToEndDeploymentScenario 2022-08-24T18:59:45Z logger.go:66:         ] [90m->[0m [0m[90mnull[0m[0m
TestEndToEndDeploymentScenario 2022-08-24T18:59:45Z logger.go:66:       [31m-[0m [0m[1m[0mv6_cidr_blocks[0m[0m = [] [90m->[0m [0m[90mnull[0m[0m
TestEndToEndDeploymentScenario 2022-08-24T18:59:45Z logger.go:66:       [31m-[0m [0m[1m[0mzone[0m[0m           = "ru-central1-a" [90m->[0m [0m[90mnull[0m[0m
TestEndToEndDeploymentScenario 2022-08-24T18:59:45Z logger.go:66:     }
TestEndToEndDeploymentScenario 2022-08-24T18:59:45Z logger.go:66: 
TestEndToEndDeploymentScenario 2022-08-24T18:59:45Z logger.go:66: [1m  # yandex_vpc_subnet.wp-subnet-b[0m will be [1m[31mdestroyed[0m[0m
TestEndToEndDeploymentScenario 2022-08-24T18:59:45Z logger.go:66: [0m  [31m-[0m[0m resource "yandex_vpc_subnet" "wp-subnet-b" {
TestEndToEndDeploymentScenario 2022-08-24T18:59:45Z logger.go:66:       [31m-[0m [0m[1m[0mcreated_at[0m[0m     = "2022-08-24T18:49:46Z" [90m->[0m [0m[90mnull[0m[0m
TestEndToEndDeploymentScenario 2022-08-24T18:59:45Z logger.go:66:       [31m-[0m [0m[1m[0mfolder_id[0m[0m      = "b1gdble3rr8et6i7tijl" [90m->[0m [0m[90mnull[0m[0m
TestEndToEndDeploymentScenario 2022-08-24T18:59:45Z logger.go:66:       [31m-[0m [0m[1m[0mid[0m[0m             = "e2lth376o55viujm59td" [90m->[0m [0m[90mnull[0m[0m
TestEndToEndDeploymentScenario 2022-08-24T18:59:45Z logger.go:66:       [31m-[0m [0m[1m[0mlabels[0m[0m         = {} [90m->[0m [0m[90mnull[0m[0m
TestEndToEndDeploymentScenario 2022-08-24T18:59:45Z logger.go:66:       [31m-[0m [0m[1m[0mname[0m[0m           = "wp-subnet-b" [90m->[0m [0m[90mnull[0m[0m
TestEndToEndDeploymentScenario 2022-08-24T18:59:45Z logger.go:66:       [31m-[0m [0m[1m[0mnetwork_id[0m[0m     = "enp97cos5etd96116rao" [90m->[0m [0m[90mnull[0m[0m
TestEndToEndDeploymentScenario 2022-08-24T18:59:45Z logger.go:66:       [31m-[0m [0m[1m[0mv4_cidr_blocks[0m[0m = [
TestEndToEndDeploymentScenario 2022-08-24T18:59:45Z logger.go:66:           [31m-[0m [0m"10.3.0.0/16",
TestEndToEndDeploymentScenario 2022-08-24T18:59:45Z logger.go:66:         ] [90m->[0m [0m[90mnull[0m[0m
TestEndToEndDeploymentScenario 2022-08-24T18:59:45Z logger.go:66:       [31m-[0m [0m[1m[0mv6_cidr_blocks[0m[0m = [] [90m->[0m [0m[90mnull[0m[0m
TestEndToEndDeploymentScenario 2022-08-24T18:59:45Z logger.go:66:       [31m-[0m [0m[1m[0mzone[0m[0m           = "ru-central1-b" [90m->[0m [0m[90mnull[0m[0m
TestEndToEndDeploymentScenario 2022-08-24T18:59:45Z logger.go:66:     }
TestEndToEndDeploymentScenario 2022-08-24T18:59:45Z logger.go:66: 
TestEndToEndDeploymentScenario 2022-08-24T18:59:45Z logger.go:66: [1m  # yandex_vpc_subnet.wp-subnet-c[0m will be [1m[31mdestroyed[0m[0m
TestEndToEndDeploymentScenario 2022-08-24T18:59:45Z logger.go:66: [0m  [31m-[0m[0m resource "yandex_vpc_subnet" "wp-subnet-c" {
TestEndToEndDeploymentScenario 2022-08-24T18:59:45Z logger.go:66:       [31m-[0m [0m[1m[0mcreated_at[0m[0m     = "2022-08-24T18:49:48Z" [90m->[0m [0m[90mnull[0m[0m
TestEndToEndDeploymentScenario 2022-08-24T18:59:45Z logger.go:66:       [31m-[0m [0m[1m[0mfolder_id[0m[0m      = "b1gdble3rr8et6i7tijl" [90m->[0m [0m[90mnull[0m[0m
TestEndToEndDeploymentScenario 2022-08-24T18:59:45Z logger.go:66:       [31m-[0m [0m[1m[0mid[0m[0m             = "b0cmppq0iuht67tnmiuo" [90m->[0m [0m[90mnull[0m[0m
TestEndToEndDeploymentScenario 2022-08-24T18:59:45Z logger.go:66:       [31m-[0m [0m[1m[0mlabels[0m[0m         = {} [90m->[0m [0m[90mnull[0m[0m
TestEndToEndDeploymentScenario 2022-08-24T18:59:45Z logger.go:66:       [31m-[0m [0m[1m[0mname[0m[0m           = "wp-subnet-c" [90m->[0m [0m[90mnull[0m[0m
TestEndToEndDeploymentScenario 2022-08-24T18:59:45Z logger.go:66:       [31m-[0m [0m[1m[0mnetwork_id[0m[0m     = "enp97cos5etd96116rao" [90m->[0m [0m[90mnull[0m[0m
TestEndToEndDeploymentScenario 2022-08-24T18:59:45Z logger.go:66:       [31m-[0m [0m[1m[0mv4_cidr_blocks[0m[0m = [
TestEndToEndDeploymentScenario 2022-08-24T18:59:45Z logger.go:66:           [31m-[0m [0m"10.4.0.0/16",
TestEndToEndDeploymentScenario 2022-08-24T18:59:45Z logger.go:66:         ] [90m->[0m [0m[90mnull[0m[0m
TestEndToEndDeploymentScenario 2022-08-24T18:59:45Z logger.go:66:       [31m-[0m [0m[1m[0mv6_cidr_blocks[0m[0m = [] [90m->[0m [0m[90mnull[0m[0m
TestEndToEndDeploymentScenario 2022-08-24T18:59:45Z logger.go:66:       [31m-[0m [0m[1m[0mzone[0m[0m           = "ru-central1-c" [90m->[0m [0m[90mnull[0m[0m
TestEndToEndDeploymentScenario 2022-08-24T18:59:45Z logger.go:66:     }
TestEndToEndDeploymentScenario 2022-08-24T18:59:45Z logger.go:66: 
TestEndToEndDeploymentScenario 2022-08-24T18:59:45Z logger.go:66: [0m[1mPlan:[0m 0 to add, 0 to change, 9 to destroy.
TestEndToEndDeploymentScenario 2022-08-24T18:59:45Z logger.go:66: [0m[0m
TestEndToEndDeploymentScenario 2022-08-24T18:59:45Z logger.go:66: [1mChanges to Outputs:[0m[0m
TestEndToEndDeploymentScenario 2022-08-24T18:59:45Z logger.go:66:   [31m-[0m [0m[1m[0mdatabase_host_fqdn[0m[0m         = [
TestEndToEndDeploymentScenario 2022-08-24T18:59:45Z logger.go:66:       [31m-[0m [0m"rc1b-m8l0gggvkzeqrg65.mdb.yandexcloud.net",
TestEndToEndDeploymentScenario 2022-08-24T18:59:45Z logger.go:66:       [31m-[0m [0m"rc1c-nbid7xx55hzsjzt7.mdb.yandexcloud.net",
TestEndToEndDeploymentScenario 2022-08-24T18:59:45Z logger.go:66:     ] [90m->[0m [0m[90mnull[0m[0m
TestEndToEndDeploymentScenario 2022-08-24T18:59:45Z logger.go:66:   [31m-[0m [0m[1m[0mload_balancer_public_ip[0m[0m    = "51.250.101.123" [90m->[0m [0m[90mnull[0m[0m
TestEndToEndDeploymentScenario 2022-08-24T18:59:45Z logger.go:66:   [31m-[0m [0m[1m[0mvm_linux_public_ip_address[0m[0m = "62.84.125.40" [90m->[0m [0m[90mnull[0m[0m
TestEndToEndDeploymentScenario 2022-08-24T18:59:45Z logger.go:66: [0m[1myandex_lb_network_load_balancer.wp_lb: Destroying... [id=enp2rv2k8glosqpjr2ve][0m[0m
TestEndToEndDeploymentScenario 2022-08-24T18:59:45Z logger.go:66: [0m[1myandex_mdb_mysql_cluster.wp_mysql: Destroying... [id=c9q64m2bep8ki065tjhr][0m[0m
TestEndToEndDeploymentScenario 2022-08-24T18:59:49Z logger.go:66: [0m[1myandex_lb_network_load_balancer.wp_lb: Destruction complete after 4s[0m
TestEndToEndDeploymentScenario 2022-08-24T18:59:49Z logger.go:66: [0m[1myandex_lb_target_group.wp_tg: Destroying... [id=enpco4h9npnl0lacu5p0][0m[0m
TestEndToEndDeploymentScenario 2022-08-24T18:59:51Z logger.go:66: [0m[1myandex_lb_target_group.wp_tg: Destruction complete after 2s[0m
TestEndToEndDeploymentScenario 2022-08-24T18:59:51Z logger.go:66: [0m[1myandex_compute_instance.wp-app-2: Destroying... [id=epdsftsuo8rmf51usu4r][0m[0m
TestEndToEndDeploymentScenario 2022-08-24T18:59:51Z logger.go:66: [0m[1myandex_compute_instance.wp-app-1: Destroying... [id=fhmddjm0flqkckrdrbpn][0m[0m
TestEndToEndDeploymentScenario 2022-08-24T18:59:55Z logger.go:66: [0m[1myandex_mdb_mysql_cluster.wp_mysql: Still destroying... [id=c9q64m2bep8ki065tjhr, 10s elapsed][0m[0m
TestEndToEndDeploymentScenario 2022-08-24T19:00:01Z logger.go:66: [0m[1myandex_compute_instance.wp-app-2: Still destroying... [id=epdsftsuo8rmf51usu4r, 10s elapsed][0m[0m
TestEndToEndDeploymentScenario 2022-08-24T19:00:01Z logger.go:66: [0m[1myandex_compute_instance.wp-app-1: Still destroying... [id=fhmddjm0flqkckrdrbpn, 10s elapsed][0m[0m
TestEndToEndDeploymentScenario 2022-08-24T19:00:04Z logger.go:66: [0m[1myandex_compute_instance.wp-app-1: Destruction complete after 12s[0m
TestEndToEndDeploymentScenario 2022-08-24T19:00:04Z logger.go:66: [0m[1myandex_vpc_subnet.wp-subnet-a: Destroying... [id=e9bnkdmmb5bhaqobmpam][0m[0m
TestEndToEndDeploymentScenario 2022-08-24T19:00:05Z logger.go:66: [0m[1myandex_mdb_mysql_cluster.wp_mysql: Still destroying... [id=c9q64m2bep8ki065tjhr, 20s elapsed][0m[0m
TestEndToEndDeploymentScenario 2022-08-24T19:00:07Z logger.go:66: [0m[1myandex_vpc_subnet.wp-subnet-a: Destruction complete after 4s[0m
TestEndToEndDeploymentScenario 2022-08-24T19:00:11Z logger.go:66: [0m[1myandex_compute_instance.wp-app-2: Destruction complete after 19s[0m
TestEndToEndDeploymentScenario 2022-08-24T19:00:15Z logger.go:66: [0m[1myandex_mdb_mysql_cluster.wp_mysql: Still destroying... [id=c9q64m2bep8ki065tjhr, 30s elapsed][0m[0m
TestEndToEndDeploymentScenario 2022-08-24T19:00:25Z logger.go:66: [0m[1myandex_mdb_mysql_cluster.wp_mysql: Still destroying... [id=c9q64m2bep8ki065tjhr, 40s elapsed][0m[0m
TestEndToEndDeploymentScenario 2022-08-24T19:00:35Z logger.go:66: [0m[1myandex_mdb_mysql_cluster.wp_mysql: Still destroying... [id=c9q64m2bep8ki065tjhr, 50s elapsed][0m[0m
TestEndToEndDeploymentScenario 2022-08-24T19:00:45Z logger.go:66: [0m[1myandex_mdb_mysql_cluster.wp_mysql: Still destroying... [id=c9q64m2bep8ki065tjhr, 1m0s elapsed][0m[0m
TestEndToEndDeploymentScenario 2022-08-24T19:00:55Z logger.go:66: [0m[1myandex_mdb_mysql_cluster.wp_mysql: Still destroying... [id=c9q64m2bep8ki065tjhr, 1m10s elapsed][0m[0m
TestEndToEndDeploymentScenario 2022-08-24T19:00:58Z logger.go:66: [0m[1myandex_mdb_mysql_cluster.wp_mysql: Destruction complete after 1m13s[0m
TestEndToEndDeploymentScenario 2022-08-24T19:00:58Z logger.go:66: [0m[1myandex_vpc_subnet.wp-subnet-c: Destroying... [id=b0cmppq0iuht67tnmiuo][0m[0m
TestEndToEndDeploymentScenario 2022-08-24T19:00:58Z logger.go:66: [0m[1myandex_vpc_subnet.wp-subnet-b: Destroying... [id=e2lth376o55viujm59td][0m[0m
TestEndToEndDeploymentScenario 2022-08-24T19:01:05Z logger.go:66: [0m[1myandex_vpc_subnet.wp-subnet-c: Destruction complete after 6s[0m
TestEndToEndDeploymentScenario 2022-08-24T19:01:06Z logger.go:66: [0m[1myandex_vpc_subnet.wp-subnet-b: Destruction complete after 7s[0m
TestEndToEndDeploymentScenario 2022-08-24T19:01:06Z logger.go:66: [0m[1myandex_vpc_network.wp-network: Destroying... [id=enp97cos5etd96116rao][0m[0m
TestEndToEndDeploymentScenario 2022-08-24T19:01:06Z logger.go:66: [0m[1myandex_vpc_network.wp-network: Destruction complete after 1s[0m
TestEndToEndDeploymentScenario 2022-08-24T19:01:06Z logger.go:66: [33m╷[0m[0m
TestEndToEndDeploymentScenario 2022-08-24T19:01:06Z logger.go:66: [33m│[0m [0m[1m[33mWarning: [0m[0m[1mArgument is deprecated[0m
TestEndToEndDeploymentScenario 2022-08-24T19:01:06Z logger.go:66: [33m│[0m [0m
TestEndToEndDeploymentScenario 2022-08-24T19:01:06Z logger.go:66: [33m│[0m [0m[0m  with yandex_mdb_mysql_cluster.wp_mysql,
TestEndToEndDeploymentScenario 2022-08-24T19:01:06Z logger.go:66: [33m│[0m [0m  on db.tf line 8, in resource "yandex_mdb_mysql_cluster" "wp_mysql":
TestEndToEndDeploymentScenario 2022-08-24T19:01:06Z logger.go:66: [33m│[0m [0m   8: resource "yandex_mdb_mysql_cluster" "wp_mysql" [4m{[0m[0m
TestEndToEndDeploymentScenario 2022-08-24T19:01:06Z logger.go:66: [33m│[0m [0m
TestEndToEndDeploymentScenario 2022-08-24T19:01:06Z logger.go:66: [33m│[0m [0mto manage users, please switch to using a separate resource type
TestEndToEndDeploymentScenario 2022-08-24T19:01:06Z logger.go:66: [33m│[0m [0myandex_mdb_mysql_user
TestEndToEndDeploymentScenario 2022-08-24T19:01:06Z logger.go:66: [33m│[0m [0m
TestEndToEndDeploymentScenario 2022-08-24T19:01:06Z logger.go:66: [33m│[0m [0m(and one more similar warning elsewhere)
TestEndToEndDeploymentScenario 2022-08-24T19:01:06Z logger.go:66: [33m╵[0m[0m
TestEndToEndDeploymentScenario 2022-08-24T19:01:06Z logger.go:66: [0m[1m[32m
TestEndToEndDeploymentScenario 2022-08-24T19:01:06Z logger.go:66: Destroy complete! Resources: 9 destroyed.
TestEndToEndDeploymentScenario 2022-08-24T19:01:07Z logger.go:66: [0m
--- PASS: TestEndToEndDeploymentScenario (685.79s)
PASS
ok  	test	685.810s
